// !$*UTF8*$!
{
	archiveVersion = 1;
	classes = {
	};
	objectVersion = 44;
	objects = {

/* Begin PBXAggregateTarget section */
		2B9260570F36854B000F1583 /* Install plugin for user */ = {
			isa = PBXAggregateTarget;
			buildConfigurationList = 2B9260650F368565000F1583 /* Build configuration list for PBXAggregateTarget "Install plugin for user" */;
			buildPhases = (
				2B9260560F36854B000F1583 /* ShellScript */,
			);
			dependencies = (
				2B92605B0F368559000F1583 /* PBXTargetDependency */,
			);
			name = "Install plugin for user";
			productName = "Install plugin for user";
		};
		FADCD4220F421EAE00749805 /* Build Package */ = {
			isa = PBXAggregateTarget;
			buildConfigurationList = FADCD4270F421EDB00749805 /* Build configuration list for PBXAggregateTarget "Build Package" */;
			buildPhases = (
				6C2C5B081068D09300A90A54 /* Clean Sparkle */,
				FADCD4210F421EAE00749805 /* Build Installer */,
			);
			dependencies = (
				FADCD4260F421EBD00749805 /* PBXTargetDependency */,
			);
			name = "Build Package";
			productName = "Build Package";
		};
/* End PBXAggregateTarget section */

/* Begin PBXBuildFile section */
		0038DE240FC0CCF0007B54E9 /* MATrackingArea.m in Sources */ = {isa = PBXBuildFile; fileRef = 0038DE230FC0CCF0007B54E9 /* MATrackingArea.m */; };
		0038DE320FC0CE7B007B54E9 /* Carbon.framework in Frameworks */ = {isa = PBXBuildFile; fileRef = 0038DE310FC0CE7B007B54E9 /* Carbon.framework */; };
		00FBE92F0FCD68CE00BC0995 /* NSActionTemplate.png in Resources */ = {isa = PBXBuildFile; fileRef = 00FBE92E0FCD68CE00BC0995 /* NSActionTemplate.png */; };
		072189BF0F30D9C3008C8944 /* WhitelistPanel.xib in Resources */ = {isa = PBXBuildFile; fileRef = 072189BC0F30D9C3008C8944 /* WhitelistPanel.xib */; };
		55EB70480E04A8850016593D /* Plugin.m in Sources */ = {isa = PBXBuildFile; fileRef = 55EB703D0E04A84F0016593D /* Plugin.m */; };
		55EB70580E04A8B80016593D /* Cocoa.framework in Frameworks */ = {isa = PBXBuildFile; fileRef = 55EB70560E04A8B80016593D /* Cocoa.framework */; };
		55EB70590E04A8B80016593D /* WebKit.framework in Frameworks */ = {isa = PBXBuildFile; fileRef = 55EB70570E04A8B80016593D /* WebKit.framework */; };
		6953E4360F3EDE9D0014ECF7 /* CTFMenubarMenuController.m in Sources */ = {isa = PBXBuildFile; fileRef = 6953E4340F3EDE9D0014ECF7 /* CTFMenubarMenuController.m */; };
		6953E43C0F3EDEB50014ECF7 /* MenubarMenu.xib in Resources */ = {isa = PBXBuildFile; fileRef = 6953E43A0F3EDEB50014ECF7 /* MenubarMenu.xib */; };
		69A26D0C0F302C10006648BC /* NSBezierPath-RoundedRectangle.m in Sources */ = {isa = PBXBuildFile; fileRef = 69A26D0B0F302C10006648BC /* NSBezierPath-RoundedRectangle.m */; };
		6C09630C107FCA610006923A /* CTFActionButton.m in Sources */ = {isa = PBXBuildFile; fileRef = 6C09630B107FCA610006923A /* CTFActionButton.m */; };
		6C09648010808D4B0006923A /* CTFMainButton.m in Sources */ = {isa = PBXBuildFile; fileRef = 6C09647F10808D4B0006923A /* CTFMainButton.m */; };
		6C2C5A6A1068CE8700A90A54 /* Credits.css in Resources */ = {isa = PBXBuildFile; fileRef = A40485B110629B0E00FDC4E2 /* Credits.css */; };
		6C436DAF107830A200A0D525 /* QTKit.framework in Frameworks */ = {isa = PBXBuildFile; fileRef = 6C436DAE107830A200A0D525 /* QTKit.framework */; };
		6C8E03FF10795EB900E21A50 /* CTFLoader.m in Sources */ = {isa = PBXBuildFile; fileRef = 6C8E03FE10795EB900E21A50 /* CTFLoader.m */; };
		6C8EC6F410764F810053587F /* CTFKiller.m in Sources */ = {isa = PBXBuildFile; fileRef = 6C8EC6F310764F810053587F /* CTFKiller.m */; };
		6C8EC7051076544D0053587F /* CTFKillerYouTube.m in Sources */ = {isa = PBXBuildFile; fileRef = 6C8EC7041076544D0053587F /* CTFKillerYouTube.m */; };
		6C8EC775107671F20053587F /* CTFKillerVideo.m in Sources */ = {isa = PBXBuildFile; fileRef = 6C8EC774107671F20053587F /* CTFKillerVideo.m */; };
		6C8EC7E9107686780053587F /* CTFKillerSIFR.m in Sources */ = {isa = PBXBuildFile; fileRef = 6C8EC7E8107686780053587F /* CTFKillerSIFR.m */; };
		6CC18AE61076D09B00D9E1A0 /* CTFKillerVimeo.m in Sources */ = {isa = PBXBuildFile; fileRef = 6CC18AE51076D09B00D9E1A0 /* CTFKillerVimeo.m */; };
		79166CBD0FF69E1800B1F69B /* CTFGradient.m in Sources */ = {isa = PBXBuildFile; fileRef = 79166CBB0FF69E1800B1F69B /* CTFGradient.m */; };
		79A21C4D0F30B735009424B8 /* CTFWhitelistWindowController.m in Sources */ = {isa = PBXBuildFile; fileRef = 79A21C490F30B735009424B8 /* CTFWhitelistWindowController.m */; };
		79B1F5C0105D9CEE0081D0B0 /* dsa_pub.pem in Resources */ = {isa = PBXBuildFile; fileRef = 79B1F5BF105D9CEE0081D0B0 /* dsa_pub.pem */; };
		845704550F4792320017F3F4 /* CTFWhitelist.m in Sources */ = {isa = PBXBuildFile; fileRef = 845704540F4792320017F3F4 /* CTFWhitelist.m */; };
		8457045A0F47BC170017F3F4 /* CTFUtilities.m in Sources */ = {isa = PBXBuildFile; fileRef = 845704590F47BC170017F3F4 /* CTFUtilities.m */; };
		A40485A710629A3D00FDC4E2 /* AboutBox.xib in Resources */ = {isa = PBXBuildFile; fileRef = A40485A510629A3D00FDC4E2 /* AboutBox.xib */; };
		A40485B910629B0E00FDC4E2 /* Credits.html in Resources */ = {isa = PBXBuildFile; fileRef = A40485B210629B0E00FDC4E2 /* Credits.html */; };
		A40485BA10629B0E00FDC4E2 /* InfoPlist.strings in Resources */ = {isa = PBXBuildFile; fileRef = A40485B410629B0E00FDC4E2 /* InfoPlist.strings */; };
		A40485BB10629B0E00FDC4E2 /* Localizable.strings in Resources */ = {isa = PBXBuildFile; fileRef = A40485B610629B0E00FDC4E2 /* Localizable.strings */; };
		A40485E010629C4100FDC4E2 /* CTFAboutBoxWindowController.m in Sources */ = {isa = PBXBuildFile; fileRef = A40485DF10629C4100FDC4E2 /* CTFAboutBoxWindowController.m */; };
		A46A5A141096C5E600E1ABAA /* dsa_pub.pem in Resources */ = {isa = PBXBuildFile; fileRef = 79B1F5BF105D9CEE0081D0B0 /* dsa_pub.pem */; };
		A46A5A5C1096C9C800E1ABAA /* main.m in Sources */ = {isa = PBXBuildFile; fileRef = A46A5A5B1096C9C800E1ABAA /* main.m */; };
		A46A5A5D1096C9CD00E1ABAA /* MainMenu.xib in Resources */ = {isa = PBXBuildFile; fileRef = A46A5A471096C98400E1ABAA /* MainMenu.xib */; };
		A46A5A5E1096C9CE00E1ABAA /* CTFSparkleManager.m in Sources */ = {isa = PBXBuildFile; fileRef = A46A5A431096C95500E1ABAA /* CTFSparkleManager.m */; };
		A46A5DBD1096FE6700E1ABAA /* Cocoa.framework in Frameworks */ = {isa = PBXBuildFile; fileRef = 55EB70560E04A8B80016593D /* Cocoa.framework */; };
		A46A5E2B109700B400E1ABAA /* Sparkle.framework in CopyFiles */ = {isa = PBXBuildFile; fileRef = 79A060EB0FF1CBF50035F03A /* Sparkle.framework */; };
		A486EE6D10A818560051FFD7 /* SparkleManager.m in Sources */ = {isa = PBXBuildFile; fileRef = A486EE6C10A818560051FFD7 /* SparkleManager.m */; };
		A494CC2C0F9F2446007D5EEB /* ctf.icns in Resources */ = {isa = PBXBuildFile; fileRef = A494CC2B0F9F2446007D5EEB /* ctf.icns */; };
		A4D8074710A4129C0024454E /* ctf.icns in Resources */ = {isa = PBXBuildFile; fileRef = A494CC2B0F9F2446007D5EEB /* ctf.icns */; };
		A4D808EE10A7D7870024454E /* ClickToFlash Updater.app in Resources */ = {isa = PBXBuildFile; fileRef = A46A59FE1096C2A700E1ABAA /* ClickToFlash Updater.app */; };
		A4DEFC7A0FF33F7400CCB6A8 /* CTFPreferencesDictionary.m in Sources */ = {isa = PBXBuildFile; fileRef = A4DEFC770FF33F7400CCB6A8 /* CTFPreferencesDictionary.m */; };
		A4DEFC7B0FF33F7400CCB6A8 /* CTFUserDefaultsController.m in Sources */ = {isa = PBXBuildFile; fileRef = A4DEFC790FF33F7400CCB6A8 /* CTFUserDefaultsController.m */; };
		D9566D8C0F380C9F00358646 /* sifr2-addons.js in Resources */ = {isa = PBXBuildFile; fileRef = D9566C2C0F37EA0800358646 /* sifr2-addons.js */; };
		D9566D8D0F380C9F00358646 /* sifr3-addons.js in Resources */ = {isa = PBXBuildFile; fileRef = D9566C2D0F37EA0800358646 /* sifr3-addons.js */; };
/* End PBXBuildFile section */

/* Begin PBXContainerItemProxy section */
		2B92605A0F368559000F1583 /* PBXContainerItemProxy */ = {
			isa = PBXContainerItemProxy;
			containerPortal = 55EB70320E04A8410016593D /* Project object */;
			proxyType = 1;
			remoteGlobalIDString = 55EB70410E04A8640016593D;
			remoteInfo = ClickToFlash;
		};
		79A060EA0FF1CBF50035F03A /* PBXContainerItemProxy */ = {
			isa = PBXContainerItemProxy;
			containerPortal = 79475E0C0F658D9A00FD82E3 /* Sparkle.xcodeproj */;
			proxyType = 2;
			remoteGlobalIDString = 8DC2EF5B0486A6940098B216;
			remoteInfo = Sparkle;
		};
		79A060EC0FF1CBF50035F03A /* PBXContainerItemProxy */ = {
			isa = PBXContainerItemProxy;
			containerPortal = 79475E0C0F658D9A00FD82E3 /* Sparkle.xcodeproj */;
			proxyType = 2;
			remoteGlobalIDString = 61B5F90209C4CEE200B25A18;
			remoteInfo = "Sparkle Test App";
		};
		79A060EE0FF1CBF50035F03A /* PBXContainerItemProxy */ = {
			isa = PBXContainerItemProxy;
			containerPortal = 79475E0C0F658D9A00FD82E3 /* Sparkle.xcodeproj */;
			proxyType = 2;
			remoteGlobalIDString = DAAEFC960DA571DF0051E0D0;
			remoteInfo = "relaunch tool";
		};
		79A060F00FF1CBF50035F03A /* PBXContainerItemProxy */ = {
			isa = PBXContainerItemProxy;
			containerPortal = 79475E0C0F658D9A00FD82E3 /* Sparkle.xcodeproj */;
			proxyType = 2;
			remoteGlobalIDString = 612279D90DB5470200AB99EA;
			remoteInfo = "Sparkle Unit Tests";
		};
		A46A5A301096C89500E1ABAA /* PBXContainerItemProxy */ = {
			isa = PBXContainerItemProxy;
			containerPortal = 79475E0C0F658D9A00FD82E3 /* Sparkle.xcodeproj */;
			proxyType = 1;
			remoteGlobalIDString = 8DC2EF4F0486A6940098B216;
			remoteInfo = Sparkle;
		};
		A46A5BE01096E60400E1ABAA /* PBXContainerItemProxy */ = {
			isa = PBXContainerItemProxy;
			containerPortal = 55EB70320E04A8410016593D /* Project object */;
			proxyType = 1;
			remoteGlobalIDString = A46A59FD1096C2A700E1ABAA;
			remoteInfo = "ClickToFlash Updater";
		};
		FADCD4250F421EBD00749805 /* PBXContainerItemProxy */ = {
			isa = PBXContainerItemProxy;
			containerPortal = 55EB70320E04A8410016593D /* Project object */;
			proxyType = 1;
			remoteGlobalIDString = 55EB70410E04A8640016593D;
			remoteInfo = ClickToFlash;
		};
/* End PBXContainerItemProxy section */

/* Begin PBXCopyFilesBuildPhase section */
		794759ED0F6095D900FD82E3 /* CopyFiles */ = {
			isa = PBXCopyFilesBuildPhase;
			buildActionMask = 2147483647;
			dstPath = "";
			dstSubfolderSpec = 10;
			files = (
			);
			runOnlyForDeploymentPostprocessing = 0;
		};
		A46A5A381096C8E500E1ABAA /* CopyFiles */ = {
			isa = PBXCopyFilesBuildPhase;
			buildActionMask = 2147483647;
			dstPath = "";
			dstSubfolderSpec = 10;
			files = (
				A46A5E2B109700B400E1ABAA /* Sparkle.framework in CopyFiles */,
			);
			runOnlyForDeploymentPostprocessing = 0;
		};
/* End PBXCopyFilesBuildPhase section */

/* Begin PBXFileReference section */
		0038DE220FC0CCF0007B54E9 /* MATrackingArea.h */ = {isa = PBXFileReference; fileEncoding = 4; lastKnownFileType = sourcecode.c.h; name = MATrackingArea.h; path = Plugin/MATrackingArea.h; sourceTree = "<group>"; };
		0038DE230FC0CCF0007B54E9 /* MATrackingArea.m */ = {isa = PBXFileReference; fileEncoding = 4; lastKnownFileType = sourcecode.c.objc; name = MATrackingArea.m; path = Plugin/MATrackingArea.m; sourceTree = "<group>"; };
		0038DE310FC0CE7B007B54E9 /* Carbon.framework */ = {isa = PBXFileReference; lastKnownFileType = wrapper.framework; name = Carbon.framework; path = /System/Library/Frameworks/Carbon.framework; sourceTree = "<absolute>"; };
		00FBE92E0FCD68CE00BC0995 /* NSActionTemplate.png */ = {isa = PBXFileReference; lastKnownFileType = image.png; name = NSActionTemplate.png; path = Plugin/NSActionTemplate.png; sourceTree = "<group>"; };
		072189BD0F30D9C3008C8944 /* English */ = {isa = PBXFileReference; lastKnownFileType = file.xib; name = English; path = Plugin/English.lproj/WhitelistPanel.xib; sourceTree = "<group>"; };
		55EB703C0E04A84F0016593D /* Plugin.h */ = {isa = PBXFileReference; fileEncoding = 4; lastKnownFileType = sourcecode.c.h; name = Plugin.h; path = Plugin/Plugin.h; sourceTree = "<group>"; };
		55EB703D0E04A84F0016593D /* Plugin.m */ = {isa = PBXFileReference; fileEncoding = 4; lastKnownFileType = sourcecode.c.objc; name = Plugin.m; path = Plugin/Plugin.m; sourceTree = "<group>"; };
		55EB70420E04A8640016593D /* ClickToFlash.webplugin */ = {isa = PBXFileReference; explicitFileType = wrapper.cfbundle; includeInIndex = 0; path = ClickToFlash.webplugin; sourceTree = BUILT_PRODUCTS_DIR; };
		55EB70560E04A8B80016593D /* Cocoa.framework */ = {isa = PBXFileReference; lastKnownFileType = wrapper.framework; name = Cocoa.framework; path = /System/Library/Frameworks/Cocoa.framework; sourceTree = "<absolute>"; };
		55EB70570E04A8B80016593D /* WebKit.framework */ = {isa = PBXFileReference; lastKnownFileType = wrapper.framework; name = WebKit.framework; path = /System/Library/Frameworks/WebKit.framework; sourceTree = "<absolute>"; };
		55EB70610E04A8D00016593D /* Info-Plugin.plist */ = {isa = PBXFileReference; fileEncoding = 4; lastKnownFileType = text.plist.xml; name = "Info-Plugin.plist"; path = "Plugin/Info-Plugin.plist"; sourceTree = "<group>"; };
		6953E4340F3EDE9D0014ECF7 /* CTFMenubarMenuController.m */ = {isa = PBXFileReference; fileEncoding = 4; lastKnownFileType = sourcecode.c.objc; name = CTFMenubarMenuController.m; path = Plugin/CTFMenubarMenuController.m; sourceTree = "<group>"; };
		6953E4350F3EDE9D0014ECF7 /* CTFMenubarMenuController.h */ = {isa = PBXFileReference; fileEncoding = 4; lastKnownFileType = sourcecode.c.h; name = CTFMenubarMenuController.h; path = Plugin/CTFMenubarMenuController.h; sourceTree = "<group>"; };
		6953E43B0F3EDEB50014ECF7 /* English */ = {isa = PBXFileReference; lastKnownFileType = file.xib; name = English; path = Plugin/English.lproj/MenubarMenu.xib; sourceTree = "<group>"; };
		69A26D0A0F302C10006648BC /* NSBezierPath-RoundedRectangle.h */ = {isa = PBXFileReference; fileEncoding = 4; lastKnownFileType = sourcecode.c.h; name = "NSBezierPath-RoundedRectangle.h"; path = "Plugin/NSBezierPath-RoundedRectangle.h"; sourceTree = "<group>"; };
		69A26D0B0F302C10006648BC /* NSBezierPath-RoundedRectangle.m */ = {isa = PBXFileReference; fileEncoding = 4; lastKnownFileType = sourcecode.c.objc; name = "NSBezierPath-RoundedRectangle.m"; path = "Plugin/NSBezierPath-RoundedRectangle.m"; sourceTree = "<group>"; };
		6C09630A107FCA610006923A /* CTFActionButton.h */ = {isa = PBXFileReference; fileEncoding = 4; lastKnownFileType = sourcecode.c.h; name = CTFActionButton.h; path = Plugin/CTFActionButton.h; sourceTree = "<group>"; };
		6C09630B107FCA610006923A /* CTFActionButton.m */ = {isa = PBXFileReference; fileEncoding = 4; lastKnownFileType = sourcecode.c.objc; name = CTFActionButton.m; path = Plugin/CTFActionButton.m; sourceTree = "<group>"; };
		6C09647E10808D4B0006923A /* CTFMainButton.h */ = {isa = PBXFileReference; fileEncoding = 4; lastKnownFileType = sourcecode.c.h; name = CTFMainButton.h; path = Plugin/CTFMainButton.h; sourceTree = "<group>"; };
		6C09647F10808D4B0006923A /* CTFMainButton.m */ = {isa = PBXFileReference; fileEncoding = 4; lastKnownFileType = sourcecode.c.objc; name = CTFMainButton.m; path = Plugin/CTFMainButton.m; sourceTree = "<group>"; };
		6C436DAE107830A200A0D525 /* QTKit.framework */ = {isa = PBXFileReference; lastKnownFileType = wrapper.framework; name = QTKit.framework; path = /System/Library/Frameworks/QTKit.framework; sourceTree = "<absolute>"; };
		6C8E03FD10795EB900E21A50 /* CTFLoader.h */ = {isa = PBXFileReference; fileEncoding = 4; lastKnownFileType = sourcecode.c.h; name = CTFLoader.h; path = Plugin/CTFLoader.h; sourceTree = "<group>"; };
		6C8E03FE10795EB900E21A50 /* CTFLoader.m */ = {isa = PBXFileReference; fileEncoding = 4; lastKnownFileType = sourcecode.c.objc; name = CTFLoader.m; path = Plugin/CTFLoader.m; sourceTree = "<group>"; };
		6C8EC6F210764F810053587F /* CTFKiller.h */ = {isa = PBXFileReference; fileEncoding = 4; lastKnownFileType = sourcecode.c.h; name = CTFKiller.h; path = Plugin/CTFKiller.h; sourceTree = "<group>"; };
		6C8EC6F310764F810053587F /* CTFKiller.m */ = {isa = PBXFileReference; fileEncoding = 4; lastKnownFileType = sourcecode.c.objc; name = CTFKiller.m; path = Plugin/CTFKiller.m; sourceTree = "<group>"; };
		6C8EC7031076544D0053587F /* CTFKillerYouTube.h */ = {isa = PBXFileReference; fileEncoding = 4; lastKnownFileType = sourcecode.c.h; name = CTFKillerYouTube.h; path = Plugin/CTFKillerYouTube.h; sourceTree = "<group>"; };
		6C8EC7041076544D0053587F /* CTFKillerYouTube.m */ = {isa = PBXFileReference; fileEncoding = 4; lastKnownFileType = sourcecode.c.objc; name = CTFKillerYouTube.m; path = Plugin/CTFKillerYouTube.m; sourceTree = "<group>"; };
		6C8EC773107671F20053587F /* CTFKillerVideo.h */ = {isa = PBXFileReference; fileEncoding = 4; lastKnownFileType = sourcecode.c.h; name = CTFKillerVideo.h; path = Plugin/CTFKillerVideo.h; sourceTree = "<group>"; };
		6C8EC774107671F20053587F /* CTFKillerVideo.m */ = {isa = PBXFileReference; fileEncoding = 4; lastKnownFileType = sourcecode.c.objc; name = CTFKillerVideo.m; path = Plugin/CTFKillerVideo.m; sourceTree = "<group>"; };
		6C8EC7E7107686780053587F /* CTFKillerSIFR.h */ = {isa = PBXFileReference; fileEncoding = 4; lastKnownFileType = sourcecode.c.h; name = CTFKillerSIFR.h; path = Plugin/CTFKillerSIFR.h; sourceTree = "<group>"; };
		6C8EC7E8107686780053587F /* CTFKillerSIFR.m */ = {isa = PBXFileReference; fileEncoding = 4; lastKnownFileType = sourcecode.c.objc; name = CTFKillerSIFR.m; path = Plugin/CTFKillerSIFR.m; sourceTree = "<group>"; };
		6CC18AE41076D09B00D9E1A0 /* CTFKillerVimeo.h */ = {isa = PBXFileReference; fileEncoding = 4; lastKnownFileType = sourcecode.c.h; name = CTFKillerVimeo.h; path = Plugin/CTFKillerVimeo.h; sourceTree = "<group>"; };
		6CC18AE51076D09B00D9E1A0 /* CTFKillerVimeo.m */ = {isa = PBXFileReference; fileEncoding = 4; lastKnownFileType = sourcecode.c.objc; name = CTFKillerVimeo.m; path = Plugin/CTFKillerVimeo.m; sourceTree = "<group>"; };
		79166CBB0FF69E1800B1F69B /* CTFGradient.m */ = {isa = PBXFileReference; fileEncoding = 4; lastKnownFileType = sourcecode.c.objc; name = CTFGradient.m; path = Plugin/CTFGradient.m; sourceTree = "<group>"; };
		79166CBC0FF69E1800B1F69B /* CTFGradient.h */ = {isa = PBXFileReference; fileEncoding = 4; lastKnownFileType = sourcecode.c.h; name = CTFGradient.h; path = Plugin/CTFGradient.h; sourceTree = "<group>"; };
		79475E0C0F658D9A00FD82E3 /* Sparkle.xcodeproj */ = {isa = PBXFileReference; lastKnownFileType = "wrapper.pb-project"; name = Sparkle.xcodeproj; path = Plugin/Sparkle/Sparkle.xcodeproj; sourceTree = "<group>"; };
		79A21C490F30B735009424B8 /* CTFWhitelistWindowController.m */ = {isa = PBXFileReference; fileEncoding = 4; lastKnownFileType = sourcecode.c.objc; name = CTFWhitelistWindowController.m; path = Plugin/CTFWhitelistWindowController.m; sourceTree = "<group>"; };
		79A21C4A0F30B735009424B8 /* CTFWhitelistWindowController.h */ = {isa = PBXFileReference; fileEncoding = 4; lastKnownFileType = sourcecode.c.h; name = CTFWhitelistWindowController.h; path = Plugin/CTFWhitelistWindowController.h; sourceTree = "<group>"; };
		79B1F5BF105D9CEE0081D0B0 /* dsa_pub.pem */ = {isa = PBXFileReference; fileEncoding = 4; lastKnownFileType = text; name = dsa_pub.pem; path = Plugin/dsa_pub.pem; sourceTree = "<group>"; };
		845704530F4792320017F3F4 /* CTFWhitelist.h */ = {isa = PBXFileReference; fileEncoding = 4; lastKnownFileType = sourcecode.c.h; name = CTFWhitelist.h; path = Plugin/CTFWhitelist.h; sourceTree = "<group>"; };
		845704540F4792320017F3F4 /* CTFWhitelist.m */ = {isa = PBXFileReference; fileEncoding = 4; lastKnownFileType = sourcecode.c.objc; name = CTFWhitelist.m; path = Plugin/CTFWhitelist.m; sourceTree = "<group>"; };
		845704580F47BC170017F3F4 /* CTFUtilities.h */ = {isa = PBXFileReference; fileEncoding = 4; lastKnownFileType = sourcecode.c.h; name = CTFUtilities.h; path = Plugin/CTFUtilities.h; sourceTree = "<group>"; };
		845704590F47BC170017F3F4 /* CTFUtilities.m */ = {isa = PBXFileReference; fileEncoding = 4; lastKnownFileType = sourcecode.c.objc; name = CTFUtilities.m; path = Plugin/CTFUtilities.m; sourceTree = "<group>"; };
		A40485A610629A3D00FDC4E2 /* English */ = {isa = PBXFileReference; lastKnownFileType = file.xib; name = English; path = Plugin/English.lproj/AboutBox.xib; sourceTree = "<group>"; };
		A40485AA10629A9600FDC4E2 /* fr */ = {isa = PBXFileReference; lastKnownFileType = file.xib; name = fr; path = Plugin/fr.lproj/AboutBox.xib; sourceTree = "<group>"; };
		A40485AB10629A9800FDC4E2 /* de */ = {isa = PBXFileReference; lastKnownFileType = file.xib; name = de; path = Plugin/de.lproj/AboutBox.xib; sourceTree = "<group>"; };
		A40485AC10629AB800FDC4E2 /* fr */ = {isa = PBXFileReference; lastKnownFileType = file.xib; name = fr; path = Plugin/fr.lproj/MenubarMenu.xib; sourceTree = "<group>"; };
		A40485AD10629AB900FDC4E2 /* de */ = {isa = PBXFileReference; lastKnownFileType = file.xib; name = de; path = Plugin/de.lproj/MenubarMenu.xib; sourceTree = "<group>"; };
		A40485AE10629ABD00FDC4E2 /* fr */ = {isa = PBXFileReference; lastKnownFileType = file.xib; name = fr; path = Plugin/fr.lproj/WhitelistPanel.xib; sourceTree = "<group>"; };
		A40485AF10629ABF00FDC4E2 /* de */ = {isa = PBXFileReference; lastKnownFileType = file.xib; name = de; path = Plugin/de.lproj/WhitelistPanel.xib; sourceTree = "<group>"; };
		A40485B110629B0E00FDC4E2 /* Credits.css */ = {isa = PBXFileReference; fileEncoding = 4; lastKnownFileType = text.css; name = Credits.css; path = Plugin/Credits.css; sourceTree = "<group>"; };
		A40485B310629B0E00FDC4E2 /* English */ = {isa = PBXFileReference; fileEncoding = 4; lastKnownFileType = text.html; name = English; path = Plugin/English.lproj/Credits.html; sourceTree = "<group>"; };
		A40485B510629B0E00FDC4E2 /* English */ = {isa = PBXFileReference; fileEncoding = 4; lastKnownFileType = text.plist.strings; name = English; path = Plugin/English.lproj/InfoPlist.strings; sourceTree = "<group>"; };
		A40485B710629B0E00FDC4E2 /* English */ = {isa = PBXFileReference; fileEncoding = 4; lastKnownFileType = text.plist.strings; name = English; path = Plugin/English.lproj/Localizable.strings; sourceTree = "<group>"; };
		A40485BC10629B1D00FDC4E2 /* fr */ = {isa = PBXFileReference; lastKnownFileType = text.html; name = fr; path = Plugin/fr.lproj/Credits.html; sourceTree = "<group>"; };
		A40485BD10629B1E00FDC4E2 /* de */ = {isa = PBXFileReference; lastKnownFileType = text.html; name = de; path = Plugin/de.lproj/Credits.html; sourceTree = "<group>"; };
		A40485C110629B3C00FDC4E2 /* fr */ = {isa = PBXFileReference; lastKnownFileType = text.plist.strings; name = fr; path = Plugin/fr.lproj/InfoPlist.strings; sourceTree = "<group>"; };
		A40485C210629B3D00FDC4E2 /* de */ = {isa = PBXFileReference; lastKnownFileType = text.plist.strings; name = de; path = Plugin/de.lproj/InfoPlist.strings; sourceTree = "<group>"; };
		A40485C310629B5000FDC4E2 /* fr */ = {isa = PBXFileReference; fileEncoding = 4; lastKnownFileType = text.plist.strings; name = fr; path = Plugin/fr.lproj/Localizable.strings; sourceTree = "<group>"; };
		A40485C410629B5100FDC4E2 /* de */ = {isa = PBXFileReference; fileEncoding = 4; lastKnownFileType = text.plist.strings; name = de; path = Plugin/de.lproj/Localizable.strings; sourceTree = "<group>"; };
		A40485DE10629C4100FDC4E2 /* CTFAboutBoxWindowController.h */ = {isa = PBXFileReference; fileEncoding = 4; lastKnownFileType = sourcecode.c.h; name = CTFAboutBoxWindowController.h; path = Plugin/CTFAboutBoxWindowController.h; sourceTree = "<group>"; };
		A40485DF10629C4100FDC4E2 /* CTFAboutBoxWindowController.m */ = {isa = PBXFileReference; fileEncoding = 4; lastKnownFileType = sourcecode.c.objc; name = CTFAboutBoxWindowController.m; path = Plugin/CTFAboutBoxWindowController.m; sourceTree = "<group>"; };
		A4627824107ED6CD005B88C4 /* CTFKillerPlistFiles.h */ = {isa = PBXFileReference; fileEncoding = 4; lastKnownFileType = sourcecode.c.h; path = CTFKillerPlistFiles.h; sourceTree = "<group>"; };
		A4627825107ED6CD005B88C4 /* CTFKillerPlistFiles.m */ = {isa = PBXFileReference; fileEncoding = 4; lastKnownFileType = sourcecode.c.objc; path = CTFKillerPlistFiles.m; sourceTree = "<group>"; };
		A46A59FE1096C2A700E1ABAA /* ClickToFlash Updater.app */ = {isa = PBXFileReference; explicitFileType = wrapper.application; includeInIndex = 0; path = "ClickToFlash Updater.app"; sourceTree = BUILT_PRODUCTS_DIR; };
		A46A5A001096C2A700E1ABAA /* Info-Updater.plist */ = {isa = PBXFileReference; lastKnownFileType = text.plist.xml; name = "Info-Updater.plist"; path = "Updater/Info-Updater.plist"; sourceTree = "<group>"; };
		A46A5A421096C95500E1ABAA /* CTFSparkleManager.h */ = {isa = PBXFileReference; fileEncoding = 4; lastKnownFileType = sourcecode.c.h; name = CTFSparkleManager.h; path = Updater/CTFSparkleManager.h; sourceTree = "<group>"; };
		A46A5A431096C95500E1ABAA /* CTFSparkleManager.m */ = {isa = PBXFileReference; fileEncoding = 4; lastKnownFileType = sourcecode.c.objc; name = CTFSparkleManager.m; path = Updater/CTFSparkleManager.m; sourceTree = "<group>"; };
		A46A5A471096C98400E1ABAA /* MainMenu.xib */ = {isa = PBXFileReference; lastKnownFileType = file.xib; name = MainMenu.xib; path = Updater/MainMenu.xib; sourceTree = "<group>"; };
		A46A5A5B1096C9C800E1ABAA /* main.m */ = {isa = PBXFileReference; fileEncoding = 4; lastKnownFileType = sourcecode.c.objc; name = main.m; path = Updater/main.m; sourceTree = "<group>"; };
		A486EE6B10A818560051FFD7 /* SparkleManager.h */ = {isa = PBXFileReference; fileEncoding = 4; lastKnownFileType = sourcecode.c.h; name = SparkleManager.h; path = Plugin/SparkleManager.h; sourceTree = "<group>"; };
		A486EE6C10A818560051FFD7 /* SparkleManager.m */ = {isa = PBXFileReference; fileEncoding = 4; lastKnownFileType = sourcecode.c.objc; name = SparkleManager.m; path = Plugin/SparkleManager.m; sourceTree = "<group>"; };
		A494CC2B0F9F2446007D5EEB /* ctf.icns */ = {isa = PBXFileReference; lastKnownFileType = image.icns; name = ctf.icns; path = Plugin/ctf.icns; sourceTree = "<group>"; };
		A4DEFC760FF33F7400CCB6A8 /* CTFPreferencesDictionary.h */ = {isa = PBXFileReference; fileEncoding = 4; lastKnownFileType = sourcecode.c.h; name = CTFPreferencesDictionary.h; path = Plugin/CTFPreferencesDictionary.h; sourceTree = "<group>"; };
		A4DEFC770FF33F7400CCB6A8 /* CTFPreferencesDictionary.m */ = {isa = PBXFileReference; fileEncoding = 4; lastKnownFileType = sourcecode.c.objc; name = CTFPreferencesDictionary.m; path = Plugin/CTFPreferencesDictionary.m; sourceTree = "<group>"; };
		A4DEFC780FF33F7400CCB6A8 /* CTFUserDefaultsController.h */ = {isa = PBXFileReference; fileEncoding = 4; lastKnownFileType = sourcecode.c.h; name = CTFUserDefaultsController.h; path = Plugin/CTFUserDefaultsController.h; sourceTree = "<group>"; };
		A4DEFC790FF33F7400CCB6A8 /* CTFUserDefaultsController.m */ = {isa = PBXFileReference; fileEncoding = 4; lastKnownFileType = sourcecode.c.objc; name = CTFUserDefaultsController.m; path = Plugin/CTFUserDefaultsController.m; sourceTree = "<group>"; };
		D9566C2C0F37EA0800358646 /* sifr2-addons.js */ = {isa = PBXFileReference; fileEncoding = 4; lastKnownFileType = sourcecode.javascript; path = "sifr2-addons.js"; sourceTree = "<group>"; };
		D9566C2D0F37EA0800358646 /* sifr3-addons.js */ = {isa = PBXFileReference; fileEncoding = 4; lastKnownFileType = sourcecode.javascript; path = "sifr3-addons.js"; sourceTree = "<group>"; };
		D9FFA7650F3941C1008A8708 /* ClickToFlash_Prefix.pch */ = {isa = PBXFileReference; fileEncoding = 4; lastKnownFileType = sourcecode.c.h; name = ClickToFlash_Prefix.pch; path = Plugin/ClickToFlash_Prefix.pch; sourceTree = "<group>"; };
/* End PBXFileReference section */

/* Begin PBXFrameworksBuildPhase section */
		55EB70400E04A8640016593D /* Frameworks */ = {
			isa = PBXFrameworksBuildPhase;
			buildActionMask = 2147483647;
			files = (
				55EB70580E04A8B80016593D /* Cocoa.framework in Frameworks */,
				55EB70590E04A8B80016593D /* WebKit.framework in Frameworks */,
				0038DE320FC0CE7B007B54E9 /* Carbon.framework in Frameworks */,
				6C436DAF107830A200A0D525 /* QTKit.framework in Frameworks */,
			);
			runOnlyForDeploymentPostprocessing = 0;
		};
		A46A59FC1096C2A700E1ABAA /* Frameworks */ = {
			isa = PBXFrameworksBuildPhase;
			buildActionMask = 2147483647;
			files = (
				A46A5DBD1096FE6700E1ABAA /* Cocoa.framework in Frameworks */,
			);
			runOnlyForDeploymentPostprocessing = 0;
		};
/* End PBXFrameworksBuildPhase section */

/* Begin PBXGroup section */
		55EB70300E04A8410016593D = {
			isa = PBXGroup;
			children = (
				55EB70540E04A89C0016593D /* Plugin */,
				A46A5A3D1096C93C00E1ABAA /* Updater */,
				55EB70550E04A8A40016593D /* Frameworks */,
				55EB70430E04A8640016593D /* Products */,
				79475E0C0F658D9A00FD82E3 /* Sparkle.xcodeproj */,
			);
			sourceTree = "<group>";
		};
		55EB70430E04A8640016593D /* Products */ = {
			isa = PBXGroup;
			children = (
				55EB70420E04A8640016593D /* ClickToFlash.webplugin */,
				A46A59FE1096C2A700E1ABAA /* ClickToFlash Updater.app */,
			);
			name = Products;
			sourceTree = "<group>";
		};
		55EB70540E04A89C0016593D /* Plugin */ = {
			isa = PBXGroup;
			children = (
				55EB703D0E04A84F0016593D /* Plugin.m */,
				55EB703C0E04A84F0016593D /* Plugin.h */,
				6C09647F10808D4B0006923A /* CTFMainButton.m */,
				6C09647E10808D4B0006923A /* CTFMainButton.h */,
				6C09630B107FCA610006923A /* CTFActionButton.m */,
				6C09630A107FCA610006923A /* CTFActionButton.h */,
				6C8E03FE10795EB900E21A50 /* CTFLoader.m */,
				6C8E03FD10795EB900E21A50 /* CTFLoader.h */,
				6C8EC6F310764F810053587F /* CTFKiller.m */,
				6C8EC6F210764F810053587F /* CTFKiller.h */,
				6C8EC774107671F20053587F /* CTFKillerVideo.m */,
				6C8EC773107671F20053587F /* CTFKillerVideo.h */,
				A4627825107ED6CD005B88C4 /* CTFKillerPlistFiles.m */,
				A4627824107ED6CD005B88C4 /* CTFKillerPlistFiles.h */,
				6C8EC7041076544D0053587F /* CTFKillerYouTube.m */,
				6C8EC7031076544D0053587F /* CTFKillerYouTube.h */,
				6CC18AE51076D09B00D9E1A0 /* CTFKillerVimeo.m */,
				6CC18AE41076D09B00D9E1A0 /* CTFKillerVimeo.h */,
				6C8EC7E8107686780053587F /* CTFKillerSIFR.m */,
				6C8EC7E7107686780053587F /* CTFKillerSIFR.h */,
				A40485DF10629C4100FDC4E2 /* CTFAboutBoxWindowController.m */,
				A40485DE10629C4100FDC4E2 /* CTFAboutBoxWindowController.h */,
				A4DEFC770FF33F7400CCB6A8 /* CTFPreferencesDictionary.m */,
				A4DEFC760FF33F7400CCB6A8 /* CTFPreferencesDictionary.h */,
				A4DEFC790FF33F7400CCB6A8 /* CTFUserDefaultsController.m */,
				A4DEFC780FF33F7400CCB6A8 /* CTFUserDefaultsController.h */,
				845704590F47BC170017F3F4 /* CTFUtilities.m */,
				845704580F47BC170017F3F4 /* CTFUtilities.h */,
				6953E4340F3EDE9D0014ECF7 /* CTFMenubarMenuController.m */,
				6953E4350F3EDE9D0014ECF7 /* CTFMenubarMenuController.h */,
				845704540F4792320017F3F4 /* CTFWhitelist.m */,
				845704530F4792320017F3F4 /* CTFWhitelist.h */,
				79A21C490F30B735009424B8 /* CTFWhitelistWindowController.m */,
				79A21C4A0F30B735009424B8 /* CTFWhitelistWindowController.h */,
				A486EE6C10A818560051FFD7 /* SparkleManager.m */,
				A486EE6B10A818560051FFD7 /* SparkleManager.h */,
				D9FFA7650F3941C1008A8708 /* ClickToFlash_Prefix.pch */,
				79166CBF0FF69E2900B1F69B /* 10.4 Support */,
				55EB70610E04A8D00016593D /* Info-Plugin.plist */,
				A40485A510629A3D00FDC4E2 /* AboutBox.xib */,
				6953E43A0F3EDEB50014ECF7 /* MenubarMenu.xib */,
				072189BC0F30D9C3008C8944 /* WhitelistPanel.xib */,
				A494CC2B0F9F2446007D5EEB /* ctf.icns */,
				79B1F5BF105D9CEE0081D0B0 /* dsa_pub.pem */,
				D9566C2B0F37EA0800358646 /* deSIFR Resources */,
				A40485B110629B0E00FDC4E2 /* Credits.css */,
				A40485B210629B0E00FDC4E2 /* Credits.html */,
				A40485B410629B0E00FDC4E2 /* InfoPlist.strings */,
				A40485B610629B0E00FDC4E2 /* Localizable.strings */,
			);
			indentWidth = 4;
			name = Plugin;
			sourceTree = "<group>";
			tabWidth = 4;
		};
		55EB70550E04A8A40016593D /* Frameworks */ = {
			isa = PBXGroup;
			children = (
				0038DE310FC0CE7B007B54E9 /* Carbon.framework */,
				55EB70560E04A8B80016593D /* Cocoa.framework */,
				55EB70570E04A8B80016593D /* WebKit.framework */,
				6C436DAE107830A200A0D525 /* QTKit.framework */,
			);
			name = Frameworks;
			sourceTree = "<group>";
		};
		79166CBF0FF69E2900B1F69B /* 10.4 Support */ = {
			isa = PBXGroup;
			children = (
				69A26D0B0F302C10006648BC /* NSBezierPath-RoundedRectangle.m */,
				69A26D0A0F302C10006648BC /* NSBezierPath-RoundedRectangle.h */,
				0038DE230FC0CCF0007B54E9 /* MATrackingArea.m */,
				0038DE220FC0CCF0007B54E9 /* MATrackingArea.h */,
				79166CBB0FF69E1800B1F69B /* CTFGradient.m */,
				79166CBC0FF69E1800B1F69B /* CTFGradient.h */,
				00FBE92E0FCD68CE00BC0995 /* NSActionTemplate.png */,
			);
			name = "10.4 Support";
			sourceTree = "<group>";
		};
		79A060E40FF1CBF50035F03A /* Products */ = {
			isa = PBXGroup;
			children = (
				79A060EB0FF1CBF50035F03A /* Sparkle.framework */,
				79A060ED0FF1CBF50035F03A /* Sparkle Test App.app */,
				79A060EF0FF1CBF50035F03A /* relaunch */,
				79A060F10FF1CBF50035F03A /* Sparkle Unit Tests.octest */,
			);
			name = Products;
			sourceTree = "<group>";
		};
		A46A5A3D1096C93C00E1ABAA /* Updater */ = {
			isa = PBXGroup;
			children = (
				A46A5A001096C2A700E1ABAA /* Info-Updater.plist */,
				A46A5A421096C95500E1ABAA /* CTFSparkleManager.h */,
				A46A5A431096C95500E1ABAA /* CTFSparkleManager.m */,
				A46A5A471096C98400E1ABAA /* MainMenu.xib */,
				A46A5A5B1096C9C800E1ABAA /* main.m */,
			);
			name = Updater;
			sourceTree = "<group>";
		};
		D9566C2B0F37EA0800358646 /* deSIFR Resources */ = {
			isa = PBXGroup;
			children = (
				D9566C2C0F37EA0800358646 /* sifr2-addons.js */,
				D9566C2D0F37EA0800358646 /* sifr3-addons.js */,
			);
			name = "deSIFR Resources";
			path = "Plugin/deSIFR Resources";
			sourceTree = "<group>";
		};
/* End PBXGroup section */

/* Begin PBXNativeTarget section */
		55EB70410E04A8640016593D /* ClickToFlash */ = {
			isa = PBXNativeTarget;
			buildConfigurationList = 55EB70470E04A8650016593D /* Build configuration list for PBXNativeTarget "ClickToFlash" */;
			buildPhases = (
				794759ED0F6095D900FD82E3 /* CopyFiles */,
				55EB703F0E04A8640016593D /* Sources */,
				55EB70400E04A8640016593D /* Frameworks */,
				55EB703E0E04A8640016593D /* Resources */,
			);
			buildRules = (
			);
			dependencies = (
				A46A5BE11096E60400E1ABAA /* PBXTargetDependency */,
			);
			name = ClickToFlash;
			productName = ClickToFlash;
			productReference = 55EB70420E04A8640016593D /* ClickToFlash.webplugin */;
			productType = "com.apple.product-type.bundle";
		};
		A46A59FD1096C2A700E1ABAA /* ClickToFlash Updater */ = {
			isa = PBXNativeTarget;
			buildConfigurationList = A46A5A061096C2A800E1ABAA /* Build configuration list for PBXNativeTarget "ClickToFlash Updater" */;
			buildPhases = (
				A46A5A381096C8E500E1ABAA /* CopyFiles */,
				A46A59FB1096C2A700E1ABAA /* Sources */,
				A46A59FC1096C2A700E1ABAA /* Frameworks */,
				A46A59FA1096C2A700E1ABAA /* Resources */,
			);
			buildRules = (
			);
			dependencies = (
				A46A5A311096C89500E1ABAA /* PBXTargetDependency */,
			);
			name = "ClickToFlash Updater";
			productName = "ClickToFlash Updater";
			productReference = A46A59FE1096C2A700E1ABAA /* ClickToFlash Updater.app */;
			productType = "com.apple.product-type.application";
		};
/* End PBXNativeTarget section */

/* Begin PBXProject section */
		55EB70320E04A8410016593D /* Project object */ = {
			isa = PBXProject;
			buildConfigurationList = 55EB70350E04A8410016593D /* Build configuration list for PBXProject "ClickToFlash" */;
			compatibilityVersion = "Xcode 3.0";
			hasScannedForEncodings = 0;
			knownRegions = (
				English,
				Japanese,
				French,
				German,
				fr,
				de,
			);
			mainGroup = 55EB70300E04A8410016593D;
			productRefGroup = 55EB70430E04A8640016593D /* Products */;
			projectDirPath = "";
			projectReferences = (
				{
					ProductGroup = 79A060E40FF1CBF50035F03A /* Products */;
					ProjectRef = 79475E0C0F658D9A00FD82E3 /* Sparkle.xcodeproj */;
				},
			);
			projectRoot = "";
			targets = (
				A46A59FD1096C2A700E1ABAA /* ClickToFlash Updater */,
				55EB70410E04A8640016593D /* ClickToFlash */,
				2B9260570F36854B000F1583 /* Install plugin for user */,
				FADCD4220F421EAE00749805 /* Build Package */,
			);
		};
/* End PBXProject section */

/* Begin PBXReferenceProxy section */
		79A060EB0FF1CBF50035F03A /* Sparkle.framework */ = {
			isa = PBXReferenceProxy;
			fileType = wrapper.framework;
			path = Sparkle.framework;
			remoteRef = 79A060EA0FF1CBF50035F03A /* PBXContainerItemProxy */;
			sourceTree = BUILT_PRODUCTS_DIR;
		};
		79A060ED0FF1CBF50035F03A /* Sparkle Test App.app */ = {
			isa = PBXReferenceProxy;
			fileType = wrapper.application;
			path = "Sparkle Test App.app";
			remoteRef = 79A060EC0FF1CBF50035F03A /* PBXContainerItemProxy */;
			sourceTree = BUILT_PRODUCTS_DIR;
		};
		79A060EF0FF1CBF50035F03A /* relaunch */ = {
			isa = PBXReferenceProxy;
			fileType = "compiled.mach-o.executable";
			path = relaunch;
			remoteRef = 79A060EE0FF1CBF50035F03A /* PBXContainerItemProxy */;
			sourceTree = BUILT_PRODUCTS_DIR;
		};
		79A060F10FF1CBF50035F03A /* Sparkle Unit Tests.octest */ = {
			isa = PBXReferenceProxy;
			fileType = wrapper.cfbundle;
			path = "Sparkle Unit Tests.octest";
			remoteRef = 79A060F00FF1CBF50035F03A /* PBXContainerItemProxy */;
			sourceTree = BUILT_PRODUCTS_DIR;
		};
/* End PBXReferenceProxy section */

/* Begin PBXResourcesBuildPhase section */
		55EB703E0E04A8640016593D /* Resources */ = {
			isa = PBXResourcesBuildPhase;
			buildActionMask = 2147483647;
			files = (
				D9566D8C0F380C9F00358646 /* sifr2-addons.js in Resources */,
				D9566D8D0F380C9F00358646 /* sifr3-addons.js in Resources */,
				072189BF0F30D9C3008C8944 /* WhitelistPanel.xib in Resources */,
				6953E43C0F3EDEB50014ECF7 /* MenubarMenu.xib in Resources */,
				A494CC2C0F9F2446007D5EEB /* ctf.icns in Resources */,
				00FBE92F0FCD68CE00BC0995 /* NSActionTemplate.png in Resources */,
				79B1F5C0105D9CEE0081D0B0 /* dsa_pub.pem in Resources */,
				A40485A710629A3D00FDC4E2 /* AboutBox.xib in Resources */,
				6C2C5A6A1068CE8700A90A54 /* Credits.css in Resources */,
				A40485B910629B0E00FDC4E2 /* Credits.html in Resources */,
				A40485BA10629B0E00FDC4E2 /* InfoPlist.strings in Resources */,
				A40485BB10629B0E00FDC4E2 /* Localizable.strings in Resources */,
				A4D808EE10A7D7870024454E /* ClickToFlash Updater.app in Resources */,
			);
			runOnlyForDeploymentPostprocessing = 0;
		};
		A46A59FA1096C2A700E1ABAA /* Resources */ = {
			isa = PBXResourcesBuildPhase;
			buildActionMask = 2147483647;
			files = (
				A46A5A141096C5E600E1ABAA /* dsa_pub.pem in Resources */,
				A46A5A5D1096C9CD00E1ABAA /* MainMenu.xib in Resources */,
				A4D8074710A4129C0024454E /* ctf.icns in Resources */,
			);
			runOnlyForDeploymentPostprocessing = 0;
		};
/* End PBXResourcesBuildPhase section */

/* Begin PBXShellScriptBuildPhase section */
		2B9260560F36854B000F1583 /* ShellScript */ = {
			isa = PBXShellScriptBuildPhase;
			buildActionMask = 2147483647;
			files = (
			);
			inputPaths = (
			);
			outputPaths = (
			);
			runOnlyForDeploymentPostprocessing = 0;
			shellPath = /bin/sh;
			shellScript = "rm -Rf \"$HOME/Library/Internet Plug-Ins/ClickToFlash.plugin\"\nrm -Rf \"$HOME/Library/Internet Plug-Ins/ClickToFlash.webplugin\"\ncp -R \"$BUILT_PRODUCTS_DIR/ClickToFlash.webplugin\" \"$HOME/Library/Internet Plug-Ins/ClickToFlash.webplugin\"\nexit 0";
		};
		6C2C5B081068D09300A90A54 /* Clean Sparkle */ = {
			isa = PBXShellScriptBuildPhase;
			buildActionMask = 2147483647;
			files = (
			);
			inputPaths = (
			);
			name = "Clean Sparkle";
			outputPaths = (
			);
			runOnlyForDeploymentPostprocessing = 0;
			shellPath = /bin/sh;
			shellScript = "cd \"$BUILT_PRODUCTS_DIR\"\ncd \"ClickToFlash.webplugin/Contents/Resources/ClickToFlash Updater.app/Contents\"\n\n# Sparkle cleanup\n\n# kill headers\ncd \"Frameworks/Sparkle.framework/\"\nls | grep Headers | xargs rm\ncd \"Versions/A\"\nls | grep Headers | xargs rm -r \n\n# kill unused localisations\ncd \"Resources\"\nls | grep lproj | grep -v -E '(de|en|fr).lproj' | xargs rm -r";
		};
		FADCD4210F421EAE00749805 /* Build Installer */ = {
			isa = PBXShellScriptBuildPhase;
			buildActionMask = 2147483647;
			files = (
			);
			inputPaths = (
			);
			name = "Build Installer";
			outputPaths = (
			);
			runOnlyForDeploymentPostprocessing = 0;
			shellPath = /bin/sh;
			shellScript = "bash $PROJECT_DIR/Installer/build_installer_pkg.command\n";
		};
/* End PBXShellScriptBuildPhase section */

/* Begin PBXSourcesBuildPhase section */
		55EB703F0E04A8640016593D /* Sources */ = {
			isa = PBXSourcesBuildPhase;
			buildActionMask = 2147483647;
			files = (
				69A26D0C0F302C10006648BC /* NSBezierPath-RoundedRectangle.m in Sources */,
				79A21C4D0F30B735009424B8 /* CTFWhitelistWindowController.m in Sources */,
				55EB70480E04A8850016593D /* Plugin.m in Sources */,
				6953E4360F3EDE9D0014ECF7 /* CTFMenubarMenuController.m in Sources */,
				845704550F4792320017F3F4 /* CTFWhitelist.m in Sources */,
				8457045A0F47BC170017F3F4 /* CTFUtilities.m in Sources */,
				0038DE240FC0CCF0007B54E9 /* MATrackingArea.m in Sources */,
				A4DEFC7A0FF33F7400CCB6A8 /* CTFPreferencesDictionary.m in Sources */,
				A4DEFC7B0FF33F7400CCB6A8 /* CTFUserDefaultsController.m in Sources */,
				79166CBD0FF69E1800B1F69B /* CTFGradient.m in Sources */,
				A40485E010629C4100FDC4E2 /* CTFAboutBoxWindowController.m in Sources */,
				6C8EC6F410764F810053587F /* CTFKiller.m in Sources */,
				6C8EC7051076544D0053587F /* CTFKillerYouTube.m in Sources */,
				6C8EC775107671F20053587F /* CTFKillerVideo.m in Sources */,
				6C8EC7E9107686780053587F /* CTFKillerSIFR.m in Sources */,
				6CC18AE61076D09B00D9E1A0 /* CTFKillerVimeo.m in Sources */,
				6C8E03FF10795EB900E21A50 /* CTFLoader.m in Sources */,
				6C09630C107FCA610006923A /* CTFActionButton.m in Sources */,
				6C09648010808D4B0006923A /* CTFMainButton.m in Sources */,
				A486EE6D10A818560051FFD7 /* SparkleManager.m in Sources */,
			);
			runOnlyForDeploymentPostprocessing = 0;
		};
		A46A59FB1096C2A700E1ABAA /* Sources */ = {
			isa = PBXSourcesBuildPhase;
			buildActionMask = 2147483647;
			files = (
				A46A5A5C1096C9C800E1ABAA /* main.m in Sources */,
				A46A5A5E1096C9CE00E1ABAA /* CTFSparkleManager.m in Sources */,
			);
			runOnlyForDeploymentPostprocessing = 0;
		};
/* End PBXSourcesBuildPhase section */

/* Begin PBXTargetDependency section */
		2B92605B0F368559000F1583 /* PBXTargetDependency */ = {
			isa = PBXTargetDependency;
			target = 55EB70410E04A8640016593D /* ClickToFlash */;
			targetProxy = 2B92605A0F368559000F1583 /* PBXContainerItemProxy */;
		};
		A46A5A311096C89500E1ABAA /* PBXTargetDependency */ = {
			isa = PBXTargetDependency;
			name = Sparkle;
			targetProxy = A46A5A301096C89500E1ABAA /* PBXContainerItemProxy */;
		};
		A46A5BE11096E60400E1ABAA /* PBXTargetDependency */ = {
			isa = PBXTargetDependency;
			target = A46A59FD1096C2A700E1ABAA /* ClickToFlash Updater */;
			targetProxy = A46A5BE01096E60400E1ABAA /* PBXContainerItemProxy */;
		};
		FADCD4260F421EBD00749805 /* PBXTargetDependency */ = {
			isa = PBXTargetDependency;
			target = 55EB70410E04A8640016593D /* ClickToFlash */;
			targetProxy = FADCD4250F421EBD00749805 /* PBXContainerItemProxy */;
		};
/* End PBXTargetDependency section */

/* Begin PBXVariantGroup section */
		072189BC0F30D9C3008C8944 /* WhitelistPanel.xib */ = {
			isa = PBXVariantGroup;
			children = (
				072189BD0F30D9C3008C8944 /* English */,
				A40485AE10629ABD00FDC4E2 /* fr */,
				A40485AF10629ABF00FDC4E2 /* de */,
			);
			name = WhitelistPanel.xib;
			sourceTree = "<group>";
		};
		6953E43A0F3EDEB50014ECF7 /* MenubarMenu.xib */ = {
			isa = PBXVariantGroup;
			children = (
				6953E43B0F3EDEB50014ECF7 /* English */,
				A40485AC10629AB800FDC4E2 /* fr */,
				A40485AD10629AB900FDC4E2 /* de */,
			);
			name = MenubarMenu.xib;
			sourceTree = "<group>";
		};
		A40485A510629A3D00FDC4E2 /* AboutBox.xib */ = {
			isa = PBXVariantGroup;
			children = (
				A40485A610629A3D00FDC4E2 /* English */,
				A40485AA10629A9600FDC4E2 /* fr */,
				A40485AB10629A9800FDC4E2 /* de */,
			);
			name = AboutBox.xib;
			sourceTree = "<group>";
		};
		A40485B210629B0E00FDC4E2 /* Credits.html */ = {
			isa = PBXVariantGroup;
			children = (
				A40485B310629B0E00FDC4E2 /* English */,
				A40485BC10629B1D00FDC4E2 /* fr */,
				A40485BD10629B1E00FDC4E2 /* de */,
			);
			name = Credits.html;
			sourceTree = "<group>";
		};
		A40485B410629B0E00FDC4E2 /* InfoPlist.strings */ = {
			isa = PBXVariantGroup;
			children = (
				A40485B510629B0E00FDC4E2 /* English */,
				A40485C110629B3C00FDC4E2 /* fr */,
				A40485C210629B3D00FDC4E2 /* de */,
			);
			name = InfoPlist.strings;
			sourceTree = "<group>";
		};
		A40485B610629B0E00FDC4E2 /* Localizable.strings */ = {
			isa = PBXVariantGroup;
			children = (
				A40485B710629B0E00FDC4E2 /* English */,
				A40485C410629B5100FDC4E2 /* de */,
				A40485C310629B5000FDC4E2 /* fr */,
			);
			name = Localizable.strings;
			sourceTree = "<group>";
		};
/* End PBXVariantGroup section */

/* Begin XCBuildConfiguration section */
		2B9260580F36854B000F1583 /* Debug */ = {
			isa = XCBuildConfiguration;
			buildSettings = {
				PRODUCT_NAME = "Install plugin for user";
			};
			name = Debug;
		};
		2B9260590F36854B000F1583 /* Release */ = {
			isa = XCBuildConfiguration;
			buildSettings = {
				PRODUCT_NAME = "Install plugin for user";
			};
			name = Release;
		};
		55EB70330E04A8410016593D /* Debug */ = {
			isa = XCBuildConfiguration;
			buildSettings = {
				ARCHS = "$(ARCHS_STANDARD_32_64_BIT_PRE_XCODE_3_1)";
				ARCHS_STANDARD_32_64_BIT_PRE_XCODE_3_1 = "x86_64 i386 ppc";
				COPY_PHASE_STRIP = NO;
				GCC_C_LANGUAGE_STANDARD = gnu99;
				GCC_TREAT_WARNINGS_AS_ERRORS = YES;
				GCC_WARN_ABOUT_MISSING_PROTOTYPES = YES;
				GCC_WARN_SIGN_COMPARE = YES;
				PRODUCT_VERSION = 1.6b7;
				WARNING_CFLAGS = "-Wall";
			};
			name = Debug;
		};
		55EB70340E04A8410016593D /* Release */ = {
			isa = XCBuildConfiguration;
			buildSettings = {
				ARCHS = "$(ARCHS_STANDARD_32_64_BIT_PRE_XCODE_3_1)";
				ARCHS_STANDARD_32_64_BIT_PRE_XCODE_3_1 = "x86_64 i386 ppc";
				COPY_PHASE_STRIP = YES;
				GCC_C_LANGUAGE_STANDARD = gnu99;
				GCC_TREAT_WARNINGS_AS_ERRORS = YES;
				GCC_WARN_ABOUT_MISSING_PROTOTYPES = YES;
				GCC_WARN_SIGN_COMPARE = YES;
				PRODUCT_VERSION = 1.6b7;
				WARNING_CFLAGS = "-Wall";
			};
			name = Release;
		};
		55EB70450E04A8640016593D /* Debug */ = {
			isa = XCBuildConfiguration;
			buildSettings = {
				ARCHS = "$(ONLY_ACTIVE_ARCH_PRE_XCODE_3_1)";
				COPY_PHASE_STRIP = NO;
				FRAMEWORK_SEARCH_PATHS = "\"$(BUILT_PRODUCTS_DIR)/$(FRAMEWORKS_FOLDER_PATH)\"";
				GCC_DYNAMIC_NO_PIC = NO;
				GCC_ENABLE_FIX_AND_CONTINUE = YES;
				GCC_ENABLE_OBJC_GC = supported;
				GCC_MODEL_TUNING = G5;
				GCC_OPTIMIZATION_LEVEL = 0;
				GCC_PRECOMPILE_PREFIX_HEADER = NO;
				GCC_PREFIX_HEADER = Plugin/ClickToFlash_Prefix.pch;
				GCC_VERSION = com.apple.compilers.llvm.clang.1_0;
				IBC_FLATTEN_NIBS = NO;
				INFOPLIST_FILE = "Plugin/Info-Plugin.plist";
				INSTALL_PATH = "$(HOME)/Library/Bundles";
				MACOSX_DEPLOYMENT_TARGET = 10.5;
				"MACOSX_DEPLOYMENT_TARGET[arch=i386]" = 10.4;
				"MACOSX_DEPLOYMENT_TARGET[arch=ppc]" = 10.4;
				ONLY_ACTIVE_ARCH_PRE_XCODE_3_1 = "$(NATIVE_ARCH_ACTUAL)";
				PREBINDING = NO;
				PRODUCT_NAME = ClickToFlash;
				RUN_CLANG_STATIC_ANALYZER = NO;
				SDKROOT = "$(DEVELOPER_SDK_DIR)/MacOSX10.5.sdk";
				VALID_ARCHS = "ppc i386 x86_64";
				WRAPPER_EXTENSION = webplugin;
				ZERO_LINK = NO;
			};
			name = Debug;
		};
		55EB70460E04A8640016593D /* Release */ = {
			isa = XCBuildConfiguration;
			buildSettings = {
				ARCHS = (
					ppc,
					i386,
					x86_64,
				);
				COPY_PHASE_STRIP = YES;
				DEBUG_INFORMATION_FORMAT = "dwarf-with-dsym";
				FRAMEWORK_SEARCH_PATHS = "\"$(BUILT_PRODUCTS_DIR)/$(FRAMEWORKS_FOLDER_PATH)\"";
				GCC_ENABLE_FIX_AND_CONTINUE = NO;
				GCC_ENABLE_OBJC_GC = supported;
				GCC_MODEL_TUNING = G5;
				GCC_PRECOMPILE_PREFIX_HEADER = NO;
				GCC_PREFIX_HEADER = "";
				INFOPLIST_FILE = "Plugin/Info-Plugin.plist";
				INSTALL_PATH = "$(HOME)/Library/Bundles";
				MACOSX_DEPLOYMENT_TARGET = 10.5;
				"MACOSX_DEPLOYMENT_TARGET[arch=i386]" = 10.4;
				"MACOSX_DEPLOYMENT_TARGET[arch=ppc]" = 10.4;
				PREBINDING = NO;
				PRODUCT_NAME = ClickToFlash;
				RUN_CLANG_STATIC_ANALYZER = YES;
				SDKROOT = "$(DEVELOPER_SDK_DIR)/MacOSX10.5.sdk";
				VALID_ARCHS = "ppc i386 x86_64";
				WRAPPER_EXTENSION = webplugin;
				ZERO_LINK = NO;
			};
			name = Release;
		};
		A46A5A011096C2A800E1ABAA /* Debug */ = {
			isa = XCBuildConfiguration;
			buildSettings = {
				ALWAYS_SEARCH_USER_PATHS = NO;
				ARCHS = "$(ONLY_ACTIVE_ARCH_PRE_XCODE_3_1)";
				COPY_PHASE_STRIP = NO;
				FRAMEWORK_SEARCH_PATHS = (
					"\"$(BUILT_PRODUCTS_DIR)/$(FRAMEWORKS_FOLDER_PATH)\"",
					"\"$(SRCROOT)\"",
				);
				GCC_DYNAMIC_NO_PIC = NO;
				GCC_ENABLE_FIX_AND_CONTINUE = YES;
				GCC_MODEL_TUNING = G5;
				GCC_OPTIMIZATION_LEVEL = 0;
				GCC_PRECOMPILE_PREFIX_HEADER = YES;
				GCC_PREFIX_HEADER = "$(SYSTEM_LIBRARY_DIR)/Frameworks/AppKit.framework/Headers/AppKit.h";
				INFOPLIST_FILE = "Updater/Info-Updater.plist";
				INSTALL_PATH = "$(HOME)/Applications";
				ONLY_ACTIVE_ARCH_PRE_XCODE_3_1 = "$(NATIVE_ARCH_ACTUAL)";
				OTHER_LDFLAGS = (
					"-framework",
					Sparkle,
				);
				PREBINDING = NO;
				PRODUCT_NAME = "ClickToFlash Updater";
				SDKROOT = "$(DEVELOPER_SDK_DIR)/MacOSX10.5.sdk";
				VALID_ARCHS = "ppc i386 x86_64";
			};
			name = Debug;
		};
		A46A5A021096C2A800E1ABAA /* Release */ = {
			isa = XCBuildConfiguration;
			buildSettings = {
				ALWAYS_SEARCH_USER_PATHS = NO;
				ARCHS = (
					ppc,
					i386,
					x86_64,
				);
				COPY_PHASE_STRIP = YES;
				DEBUG_INFORMATION_FORMAT = "dwarf-with-dsym";
				FRAMEWORK_SEARCH_PATHS = (
					"\"$(BUILT_PRODUCTS_DIR)/$(FRAMEWORKS_FOLDER_PATH)\"",
					"\"$(SRCROOT)\"",
				);
				GCC_ENABLE_FIX_AND_CONTINUE = NO;
				GCC_MODEL_TUNING = G5;
				GCC_PRECOMPILE_PREFIX_HEADER = YES;
				GCC_PREFIX_HEADER = "$(SYSTEM_LIBRARY_DIR)/Frameworks/AppKit.framework/Headers/AppKit.h";
				INFOPLIST_FILE = "Updater/Info-Updater.plist";
				INSTALL_PATH = "$(HOME)/Applications";
				OTHER_LDFLAGS = (
					"-framework",
					Sparkle,
				);
				PREBINDING = NO;
				PRODUCT_NAME = "ClickToFlash Updater";
				SDKROOT = "$(DEVELOPER_SDK_DIR)/MacOSX10.5.sdk";
				VALID_ARCHS = "ppc i386 x86_64";
				ZERO_LINK = NO;
			};
			name = Release;
		};
		FADCD4230F421EAE00749805 /* Debug */ = {
			isa = XCBuildConfiguration;
			buildSettings = {
				PRODUCT_NAME = "Build Package";
			};
			name = Debug;
		};
		FADCD4240F421EAE00749805 /* Release */ = {
			isa = XCBuildConfiguration;
			buildSettings = {
				PRODUCT_NAME = "Build Package";
			};
			name = Release;
		};
/* End XCBuildConfiguration section */

/* Begin XCConfigurationList section */
		2B9260650F368565000F1583 /* Build configuration list for PBXAggregateTarget "Install plugin for user" */ = {
			isa = XCConfigurationList;
			buildConfigurations = (
				2B9260580F36854B000F1583 /* Debug */,
				2B9260590F36854B000F1583 /* Release */,
			);
			defaultConfigurationIsVisible = 0;
			defaultConfigurationName = Release;
		};
		55EB70350E04A8410016593D /* Build configuration list for PBXProject "ClickToFlash" */ = {
			isa = XCConfigurationList;
			buildConfigurations = (
				55EB70330E04A8410016593D /* Debug */,
				55EB70340E04A8410016593D /* Release */,
			);
			defaultConfigurationIsVisible = 0;
			defaultConfigurationName = Release;
		};
		55EB70470E04A8650016593D /* Build configuration list for PBXNativeTarget "ClickToFlash" */ = {
			isa = XCConfigurationList;
			buildConfigurations = (
				55EB70450E04A8640016593D /* Debug */,
				55EB70460E04A8640016593D /* Release */,
			);
			defaultConfigurationIsVisible = 0;
			defaultConfigurationName = Release;
		};
		A46A5A061096C2A800E1ABAA /* Build configuration list for PBXNativeTarget "ClickToFlash Updater" */ = {
			isa = XCConfigurationList;
			buildConfigurations = (
				A46A5A011096C2A800E1ABAA /* Debug */,
				A46A5A021096C2A800E1ABAA /* Release */,
			);
			defaultConfigurationIsVisible = 0;
			defaultConfigurationName = Release;
		};
		FADCD4270F421EDB00749805 /* Build configuration list for PBXAggregateTarget "Build Package" */ = {
			isa = XCConfigurationList;
			buildConfigurations = (
				FADCD4230F421EAE00749805 /* Debug */,
				FADCD4240F421EAE00749805 /* Release */,
			);
			defaultConfigurationIsVisible = 0;
			defaultConfigurationName = Release;
		};
/* End XCConfigurationList section */
	};
	rootObject = 55EB70320E04A8410016593D /* Project object */;
}
