// !$*UTF8*$!
{
	archiveVersion = 1;
	classes = {
	};
	objectVersion = 44;
	objects = {

/* Begin PBXAggregateTarget section */
		2B9260570F36854B000F1583 /* Install plugin for user */ = {
			isa = PBXAggregateTarget;
			buildConfigurationList = 2B9260650F368565000F1583 /* Build configuration list for PBXAggregateTarget "Install plugin for user" */;
			buildPhases = (
				2B9260560F36854B000F1583 /* ShellScript */,
			);
			dependencies = (
				2B92605B0F368559000F1583 /* PBXTargetDependency */,
			);
			name = "Install plugin for user";
			productName = "Install plugin for user";
		};
		FADCD4220F421EAE00749805 /* Build Package */ = {
			isa = PBXAggregateTarget;
			buildConfigurationList = FADCD4270F421EDB00749805 /* Build configuration list for PBXAggregateTarget "Build Package" */;
			buildPhases = (
				FADCD4210F421EAE00749805 /* ShellScript */,
			);
			dependencies = (
				FADCD4260F421EBD00749805 /* PBXTargetDependency */,
			);
			name = "Build Package";
			productName = "Build Package";
		};
/* End PBXAggregateTarget section */

/* Begin PBXBuildFile section */
		0038DE240FC0CCF0007B54E9 /* MATrackingArea.m in Sources */ = {isa = PBXBuildFile; fileRef = 0038DE230FC0CCF0007B54E9 /* MATrackingArea.m */; };
		0038DE320FC0CE7B007B54E9 /* Carbon.framework in Frameworks */ = {isa = PBXBuildFile; fileRef = 0038DE310FC0CE7B007B54E9 /* Carbon.framework */; };
		00FBE92F0FCD68CE00BC0995 /* NSActionTemplate.png in Resources */ = {isa = PBXBuildFile; fileRef = 00FBE92E0FCD68CE00BC0995 /* NSActionTemplate.png */; };
		072189BE0F30D9C3008C8944 /* ContextualMenu.xib in Resources */ = {isa = PBXBuildFile; fileRef = 072189BA0F30D9C3008C8944 /* ContextualMenu.xib */; };
		072189BF0F30D9C3008C8944 /* WhitelistPanel.xib in Resources */ = {isa = PBXBuildFile; fileRef = 072189BC0F30D9C3008C8944 /* WhitelistPanel.xib */; };
		55EB70480E04A8850016593D /* Plugin.m in Sources */ = {isa = PBXBuildFile; fileRef = 55EB703D0E04A84F0016593D /* Plugin.m */; };
		55EB70580E04A8B80016593D /* Cocoa.framework in Frameworks */ = {isa = PBXBuildFile; fileRef = 55EB70560E04A8B80016593D /* Cocoa.framework */; };
		55EB70590E04A8B80016593D /* WebKit.framework in Frameworks */ = {isa = PBXBuildFile; fileRef = 55EB70570E04A8B80016593D /* WebKit.framework */; };
		6953E4360F3EDE9D0014ECF7 /* CTFMenubarMenuController.m in Sources */ = {isa = PBXBuildFile; fileRef = 6953E4340F3EDE9D0014ECF7 /* CTFMenubarMenuController.m */; };
		6953E43C0F3EDEB50014ECF7 /* MenubarMenu.xib in Resources */ = {isa = PBXBuildFile; fileRef = 6953E43A0F3EDEB50014ECF7 /* MenubarMenu.xib */; };
		69A26D0C0F302C10006648BC /* NSBezierPath-RoundedRectangle.m in Sources */ = {isa = PBXBuildFile; fileRef = 69A26D0B0F302C10006648BC /* NSBezierPath-RoundedRectangle.m */; };
		79166CBD0FF69E1800B1F69B /* CTFGradient.m in Sources */ = {isa = PBXBuildFile; fileRef = 79166CBB0FF69E1800B1F69B /* CTFGradient.m */; };
		79A21C4D0F30B735009424B8 /* CTFWhitelistWindowController.m in Sources */ = {isa = PBXBuildFile; fileRef = 79A21C490F30B735009424B8 /* CTFWhitelistWindowController.m */; };
		79B1F5C0105D9CEE0081D0B0 /* dsa_pub.pem in Resources */ = {isa = PBXBuildFile; fileRef = 79B1F5BF105D9CEE0081D0B0 /* dsa_pub.pem */; };
		79C040700FF1CCE6002DA6A5 /* Sparkle.framework in CopyFiles */ = {isa = PBXBuildFile; fileRef = 79A060EB0FF1CBF50035F03A /* Sparkle.framework */; };
		79E2EB930F86AAD3005CF170 /* SparkleManager.m in Sources */ = {isa = PBXBuildFile; fileRef = 79E2EB920F86AAD3005CF170 /* SparkleManager.m */; };
		844695F70F470D1F00DC783A /* CTFsIFRSupport.m in Sources */ = {isa = PBXBuildFile; fileRef = 844695910F46FC6600DC783A /* CTFsIFRSupport.m */; };
		845704550F4792320017F3F4 /* CTFWhitelist.m in Sources */ = {isa = PBXBuildFile; fileRef = 845704540F4792320017F3F4 /* CTFWhitelist.m */; };
		8457045A0F47BC170017F3F4 /* CTFUtilities.m in Sources */ = {isa = PBXBuildFile; fileRef = 845704590F47BC170017F3F4 /* CTFUtilities.m */; };
		A494CC2C0F9F2446007D5EEB /* ctf.icns in Resources */ = {isa = PBXBuildFile; fileRef = A494CC2B0F9F2446007D5EEB /* ctf.icns */; };
		A4DEFC7A0FF33F7400CCB6A8 /* CTFPreferencesDictionary.m in Sources */ = {isa = PBXBuildFile; fileRef = A4DEFC770FF33F7400CCB6A8 /* CTFPreferencesDictionary.m */; };
		A4DEFC7B0FF33F7400CCB6A8 /* CTFUserDefaultsController.m in Sources */ = {isa = PBXBuildFile; fileRef = A4DEFC790FF33F7400CCB6A8 /* CTFUserDefaultsController.m */; };
		D9566D8C0F380C9F00358646 /* sifr2-addons.js in Resources */ = {isa = PBXBuildFile; fileRef = D9566C2C0F37EA0800358646 /* sifr2-addons.js */; };
		D9566D8D0F380C9F00358646 /* sifr3-addons.js in Resources */ = {isa = PBXBuildFile; fileRef = D9566C2D0F37EA0800358646 /* sifr3-addons.js */; };
/* End PBXBuildFile section */

/* Begin PBXContainerItemProxy section */
		2B92605A0F368559000F1583 /* PBXContainerItemProxy */ = {
			isa = PBXContainerItemProxy;
			containerPortal = 55EB70320E04A8410016593D /* Project object */;
			proxyType = 1;
			remoteGlobalIDString = 55EB70410E04A8640016593D;
			remoteInfo = ClickToFlash;
		};
		79A060EA0FF1CBF50035F03A /* PBXContainerItemProxy */ = {
			isa = PBXContainerItemProxy;
			containerPortal = 79475E0C0F658D9A00FD82E3 /* Sparkle.xcodeproj */;
			proxyType = 2;
			remoteGlobalIDString = 8DC2EF5B0486A6940098B216;
			remoteInfo = Sparkle;
		};
		79A060EC0FF1CBF50035F03A /* PBXContainerItemProxy */ = {
			isa = PBXContainerItemProxy;
			containerPortal = 79475E0C0F658D9A00FD82E3 /* Sparkle.xcodeproj */;
			proxyType = 2;
			remoteGlobalIDString = 61B5F90209C4CEE200B25A18;
			remoteInfo = "Sparkle Test App";
		};
		79A060EE0FF1CBF50035F03A /* PBXContainerItemProxy */ = {
			isa = PBXContainerItemProxy;
			containerPortal = 79475E0C0F658D9A00FD82E3 /* Sparkle.xcodeproj */;
			proxyType = 2;
			remoteGlobalIDString = DAAEFC960DA571DF0051E0D0;
			remoteInfo = "relaunch tool";
		};
		79A060F00FF1CBF50035F03A /* PBXContainerItemProxy */ = {
			isa = PBXContainerItemProxy;
			containerPortal = 79475E0C0F658D9A00FD82E3 /* Sparkle.xcodeproj */;
			proxyType = 2;
			remoteGlobalIDString = 612279D90DB5470200AB99EA;
			remoteInfo = "Sparkle Unit Tests";
		};
		79E095390FF32596008A21AD /* PBXContainerItemProxy */ = {
			isa = PBXContainerItemProxy;
			containerPortal = 79475E0C0F658D9A00FD82E3 /* Sparkle.xcodeproj */;
			proxyType = 1;
			remoteGlobalIDString = 8DC2EF4F0486A6940098B216;
			remoteInfo = Sparkle;
		};
		FADCD4250F421EBD00749805 /* PBXContainerItemProxy */ = {
			isa = PBXContainerItemProxy;
			containerPortal = 55EB70320E04A8410016593D /* Project object */;
			proxyType = 1;
			remoteGlobalIDString = 55EB70410E04A8640016593D;
			remoteInfo = ClickToFlash;
		};
/* End PBXContainerItemProxy section */

/* Begin PBXCopyFilesBuildPhase section */
		794759ED0F6095D900FD82E3 /* CopyFiles */ = {
			isa = PBXCopyFilesBuildPhase;
			buildActionMask = 2147483647;
			dstPath = "";
			dstSubfolderSpec = 10;
			files = (
				79C040700FF1CCE6002DA6A5 /* Sparkle.framework in CopyFiles */,
			);
			runOnlyForDeploymentPostprocessing = 0;
		};
/* End PBXCopyFilesBuildPhase section */

/* Begin PBXFileReference section */
		0038DE220FC0CCF0007B54E9 /* MATrackingArea.h */ = {isa = PBXFileReference; fileEncoding = 4; lastKnownFileType = sourcecode.c.h; name = MATrackingArea.h; path = Plugin/MATrackingArea.h; sourceTree = "<group>"; };
		0038DE230FC0CCF0007B54E9 /* MATrackingArea.m */ = {isa = PBXFileReference; fileEncoding = 4; lastKnownFileType = sourcecode.c.objc; name = MATrackingArea.m; path = Plugin/MATrackingArea.m; sourceTree = "<group>"; };
		0038DE310FC0CE7B007B54E9 /* Carbon.framework */ = {isa = PBXFileReference; lastKnownFileType = wrapper.framework; name = Carbon.framework; path = /System/Library/Frameworks/Carbon.framework; sourceTree = "<absolute>"; };
		00FBE92E0FCD68CE00BC0995 /* NSActionTemplate.png */ = {isa = PBXFileReference; lastKnownFileType = image.png; name = NSActionTemplate.png; path = Plugin/NSActionTemplate.png; sourceTree = "<group>"; };
		072189BB0F30D9C3008C8944 /* English */ = {isa = PBXFileReference; lastKnownFileType = file.xib; name = English; path = Plugin/English.lproj/ContextualMenu.xib; sourceTree = "<group>"; };
		072189BD0F30D9C3008C8944 /* English */ = {isa = PBXFileReference; lastKnownFileType = file.xib; name = English; path = Plugin/English.lproj/WhitelistPanel.xib; sourceTree = "<group>"; };
		55EB703C0E04A84F0016593D /* Plugin.h */ = {isa = PBXFileReference; fileEncoding = 4; lastKnownFileType = sourcecode.c.h; name = Plugin.h; path = Plugin/Plugin.h; sourceTree = "<group>"; };
		55EB703D0E04A84F0016593D /* Plugin.m */ = {isa = PBXFileReference; fileEncoding = 4; lastKnownFileType = sourcecode.c.objc; name = Plugin.m; path = Plugin/Plugin.m; sourceTree = "<group>"; };
		55EB70420E04A8640016593D /* ClickToFlash.webplugin */ = {isa = PBXFileReference; explicitFileType = wrapper.cfbundle; includeInIndex = 0; path = ClickToFlash.webplugin; sourceTree = BUILT_PRODUCTS_DIR; };
		55EB70560E04A8B80016593D /* Cocoa.framework */ = {isa = PBXFileReference; lastKnownFileType = wrapper.framework; name = Cocoa.framework; path = /System/Library/Frameworks/Cocoa.framework; sourceTree = "<absolute>"; };
		55EB70570E04A8B80016593D /* WebKit.framework */ = {isa = PBXFileReference; lastKnownFileType = wrapper.framework; name = WebKit.framework; path = /System/Library/Frameworks/WebKit.framework; sourceTree = "<absolute>"; };
		55EB70610E04A8D00016593D /* Info-Plugin.plist */ = {isa = PBXFileReference; fileEncoding = 4; lastKnownFileType = text.plist.xml; name = "Info-Plugin.plist"; path = "Plugin/Info-Plugin.plist"; sourceTree = "<group>"; };
		6953E4340F3EDE9D0014ECF7 /* CTFMenubarMenuController.m */ = {isa = PBXFileReference; fileEncoding = 4; lastKnownFileType = sourcecode.c.objc; name = CTFMenubarMenuController.m; path = Plugin/CTFMenubarMenuController.m; sourceTree = "<group>"; };
		6953E4350F3EDE9D0014ECF7 /* CTFMenubarMenuController.h */ = {isa = PBXFileReference; fileEncoding = 4; lastKnownFileType = sourcecode.c.h; name = CTFMenubarMenuController.h; path = Plugin/CTFMenubarMenuController.h; sourceTree = "<group>"; };
		6953E43B0F3EDEB50014ECF7 /* English */ = {isa = PBXFileReference; lastKnownFileType = file.xib; name = English; path = Plugin/English.lproj/MenubarMenu.xib; sourceTree = "<group>"; };
		69A26D0A0F302C10006648BC /* NSBezierPath-RoundedRectangle.h */ = {isa = PBXFileReference; fileEncoding = 4; lastKnownFileType = sourcecode.c.h; name = "NSBezierPath-RoundedRectangle.h"; path = "Plugin/NSBezierPath-RoundedRectangle.h"; sourceTree = "<group>"; };
		69A26D0B0F302C10006648BC /* NSBezierPath-RoundedRectangle.m */ = {isa = PBXFileReference; fileEncoding = 4; lastKnownFileType = sourcecode.c.objc; name = "NSBezierPath-RoundedRectangle.m"; path = "Plugin/NSBezierPath-RoundedRectangle.m"; sourceTree = "<group>"; };
		79166CBB0FF69E1800B1F69B /* CTFGradient.m */ = {isa = PBXFileReference; fileEncoding = 4; lastKnownFileType = sourcecode.c.objc; name = CTFGradient.m; path = Plugin/CTFGradient.m; sourceTree = "<group>"; };
		79166CBC0FF69E1800B1F69B /* CTFGradient.h */ = {isa = PBXFileReference; fileEncoding = 4; lastKnownFileType = sourcecode.c.h; name = CTFGradient.h; path = Plugin/CTFGradient.h; sourceTree = "<group>"; };
		79475E0C0F658D9A00FD82E3 /* Sparkle.xcodeproj */ = {isa = PBXFileReference; lastKnownFileType = "wrapper.pb-project"; name = Sparkle.xcodeproj; path = Plugin/Sparkle/Sparkle.xcodeproj; sourceTree = "<group>"; };
		79A21C490F30B735009424B8 /* CTFWhitelistWindowController.m */ = {isa = PBXFileReference; fileEncoding = 4; lastKnownFileType = sourcecode.c.objc; name = CTFWhitelistWindowController.m; path = Plugin/CTFWhitelistWindowController.m; sourceTree = "<group>"; };
		79A21C4A0F30B735009424B8 /* CTFWhitelistWindowController.h */ = {isa = PBXFileReference; fileEncoding = 4; lastKnownFileType = sourcecode.c.h; name = CTFWhitelistWindowController.h; path = Plugin/CTFWhitelistWindowController.h; sourceTree = "<group>"; };
		79B1F5BF105D9CEE0081D0B0 /* dsa_pub.pem */ = {isa = PBXFileReference; fileEncoding = 4; lastKnownFileType = text; name = dsa_pub.pem; path = Plugin/dsa_pub.pem; sourceTree = "<group>"; };
		79E2EB910F86AAD3005CF170 /* SparkleManager.h */ = {isa = PBXFileReference; fileEncoding = 4; lastKnownFileType = sourcecode.c.h; name = SparkleManager.h; path = Plugin/SparkleManager.h; sourceTree = "<group>"; };
		79E2EB920F86AAD3005CF170 /* SparkleManager.m */ = {isa = PBXFileReference; fileEncoding = 4; lastKnownFileType = sourcecode.c.objc; name = SparkleManager.m; path = Plugin/SparkleManager.m; sourceTree = "<group>"; };
		844695900F46FC6600DC783A /* CTFsIFRSupport.h */ = {isa = PBXFileReference; fileEncoding = 4; lastKnownFileType = sourcecode.c.h; name = CTFsIFRSupport.h; path = Plugin/CTFsIFRSupport.h; sourceTree = "<group>"; };
		844695910F46FC6600DC783A /* CTFsIFRSupport.m */ = {isa = PBXFileReference; fileEncoding = 4; lastKnownFileType = sourcecode.c.objc; name = CTFsIFRSupport.m; path = Plugin/CTFsIFRSupport.m; sourceTree = "<group>"; };
		845704530F4792320017F3F4 /* CTFWhitelist.h */ = {isa = PBXFileReference; fileEncoding = 4; lastKnownFileType = sourcecode.c.h; name = CTFWhitelist.h; path = Plugin/CTFWhitelist.h; sourceTree = "<group>"; };
		845704540F4792320017F3F4 /* CTFWhitelist.m */ = {isa = PBXFileReference; fileEncoding = 4; lastKnownFileType = sourcecode.c.objc; name = CTFWhitelist.m; path = Plugin/CTFWhitelist.m; sourceTree = "<group>"; };
		845704580F47BC170017F3F4 /* CTFUtilities.h */ = {isa = PBXFileReference; fileEncoding = 4; lastKnownFileType = sourcecode.c.h; name = CTFUtilities.h; path = Plugin/CTFUtilities.h; sourceTree = "<group>"; };
		845704590F47BC170017F3F4 /* CTFUtilities.m */ = {isa = PBXFileReference; fileEncoding = 4; lastKnownFileType = sourcecode.c.objc; name = CTFUtilities.m; path = Plugin/CTFUtilities.m; sourceTree = "<group>"; };
		A494CC2B0F9F2446007D5EEB /* ctf.icns */ = {isa = PBXFileReference; lastKnownFileType = image.icns; name = ctf.icns; path = Plugin/ctf.icns; sourceTree = "<group>"; };
		A4DEFC760FF33F7400CCB6A8 /* CTFPreferencesDictionary.h */ = {isa = PBXFileReference; fileEncoding = 4; lastKnownFileType = sourcecode.c.h; name = CTFPreferencesDictionary.h; path = Plugin/CTFPreferencesDictionary.h; sourceTree = "<group>"; };
		A4DEFC770FF33F7400CCB6A8 /* CTFPreferencesDictionary.m */ = {isa = PBXFileReference; fileEncoding = 4; lastKnownFileType = sourcecode.c.objc; name = CTFPreferencesDictionary.m; path = Plugin/CTFPreferencesDictionary.m; sourceTree = "<group>"; };
		A4DEFC780FF33F7400CCB6A8 /* CTFUserDefaultsController.h */ = {isa = PBXFileReference; fileEncoding = 4; lastKnownFileType = sourcecode.c.h; name = CTFUserDefaultsController.h; path = Plugin/CTFUserDefaultsController.h; sourceTree = "<group>"; };
		A4DEFC790FF33F7400CCB6A8 /* CTFUserDefaultsController.m */ = {isa = PBXFileReference; fileEncoding = 4; lastKnownFileType = sourcecode.c.objc; name = CTFUserDefaultsController.m; path = Plugin/CTFUserDefaultsController.m; sourceTree = "<group>"; };
		D9566C2C0F37EA0800358646 /* sifr2-addons.js */ = {isa = PBXFileReference; fileEncoding = 4; lastKnownFileType = sourcecode.javascript; path = "sifr2-addons.js"; sourceTree = "<group>"; };
		D9566C2D0F37EA0800358646 /* sifr3-addons.js */ = {isa = PBXFileReference; fileEncoding = 4; lastKnownFileType = sourcecode.javascript; path = "sifr3-addons.js"; sourceTree = "<group>"; };
		D9FFA7650F3941C1008A8708 /* ClickToFlash_Prefix.pch */ = {isa = PBXFileReference; fileEncoding = 4; lastKnownFileType = sourcecode.c.h; name = ClickToFlash_Prefix.pch; path = Plugin/ClickToFlash_Prefix.pch; sourceTree = "<group>"; };
/* End PBXFileReference section */

/* Begin PBXFrameworksBuildPhase section */
		55EB70400E04A8640016593D /* Frameworks */ = {
			isa = PBXFrameworksBuildPhase;
			buildActionMask = 2147483647;
			files = (
				55EB70580E04A8B80016593D /* Cocoa.framework in Frameworks */,
				55EB70590E04A8B80016593D /* WebKit.framework in Frameworks */,
				0038DE320FC0CE7B007B54E9 /* Carbon.framework in Frameworks */,
			);
			runOnlyForDeploymentPostprocessing = 0;
		};
/* End PBXFrameworksBuildPhase section */

/* Begin PBXGroup section */
		55EB70300E04A8410016593D = {
			isa = PBXGroup;
			children = (
				55EB70540E04A89C0016593D /* Plugin */,
				55EB70550E04A8A40016593D /* Frameworks */,
				55EB70430E04A8640016593D /* Products */,
				79475E0C0F658D9A00FD82E3 /* Sparkle.xcodeproj */,
			);
			sourceTree = "<group>";
		};
		55EB70430E04A8640016593D /* Products */ = {
			isa = PBXGroup;
			children = (
				55EB70420E04A8640016593D /* ClickToFlash.webplugin */,
			);
			name = Products;
			sourceTree = "<group>";
		};
		55EB70540E04A89C0016593D /* Plugin */ = {
			isa = PBXGroup;
			children = (
				55EB703D0E04A84F0016593D /* Plugin.m */,
				55EB703C0E04A84F0016593D /* Plugin.h */,
				A4DEFC770FF33F7400CCB6A8 /* CTFPreferencesDictionary.m */,
				A4DEFC760FF33F7400CCB6A8 /* CTFPreferencesDictionary.h */,
				A4DEFC790FF33F7400CCB6A8 /* CTFUserDefaultsController.m */,
				A4DEFC780FF33F7400CCB6A8 /* CTFUserDefaultsController.h */,
				845704590F47BC170017F3F4 /* CTFUtilities.m */,
				845704580F47BC170017F3F4 /* CTFUtilities.h */,
				6953E4340F3EDE9D0014ECF7 /* CTFMenubarMenuController.m */,
				6953E4350F3EDE9D0014ECF7 /* CTFMenubarMenuController.h */,
				844695910F46FC6600DC783A /* CTFsIFRSupport.m */,
				844695900F46FC6600DC783A /* CTFsIFRSupport.h */,
				845704540F4792320017F3F4 /* CTFWhitelist.m */,
				845704530F4792320017F3F4 /* CTFWhitelist.h */,
				79A21C490F30B735009424B8 /* CTFWhitelistWindowController.m */,
				79A21C4A0F30B735009424B8 /* CTFWhitelistWindowController.h */,
				79E2EB920F86AAD3005CF170 /* SparkleManager.m */,
				79E2EB910F86AAD3005CF170 /* SparkleManager.h */,
				D9FFA7650F3941C1008A8708 /* ClickToFlash_Prefix.pch */,
				79166CBF0FF69E2900B1F69B /* 10.4 Support */,
				55EB70610E04A8D00016593D /* Info-Plugin.plist */,
				6953E43A0F3EDEB50014ECF7 /* MenubarMenu.xib */,
				072189BA0F30D9C3008C8944 /* ContextualMenu.xib */,
				072189BC0F30D9C3008C8944 /* WhitelistPanel.xib */,
				A494CC2B0F9F2446007D5EEB /* ctf.icns */,
				79B1F5BF105D9CEE0081D0B0 /* dsa_pub.pem */,
				D9566C2B0F37EA0800358646 /* deSIFR Resources */,
			);
			indentWidth = 4;
			name = Plugin;
			sourceTree = "<group>";
			tabWidth = 4;
		};
		55EB70550E04A8A40016593D /* Frameworks */ = {
			isa = PBXGroup;
			children = (
				0038DE310FC0CE7B007B54E9 /* Carbon.framework */,
				55EB70560E04A8B80016593D /* Cocoa.framework */,
				55EB70570E04A8B80016593D /* WebKit.framework */,
			);
			name = Frameworks;
			sourceTree = "<group>";
		};
		79166CBF0FF69E2900B1F69B /* 10.4 Support */ = {
			isa = PBXGroup;
			children = (
				69A26D0B0F302C10006648BC /* NSBezierPath-RoundedRectangle.m */,
				69A26D0A0F302C10006648BC /* NSBezierPath-RoundedRectangle.h */,
				0038DE230FC0CCF0007B54E9 /* MATrackingArea.m */,
				0038DE220FC0CCF0007B54E9 /* MATrackingArea.h */,
				79166CBB0FF69E1800B1F69B /* CTFGradient.m */,
				79166CBC0FF69E1800B1F69B /* CTFGradient.h */,
				00FBE92E0FCD68CE00BC0995 /* NSActionTemplate.png */,
			);
			name = "10.4 Support";
			sourceTree = "<group>";
		};
		79A060E40FF1CBF50035F03A /* Products */ = {
			isa = PBXGroup;
			children = (
				79A060EB0FF1CBF50035F03A /* Sparkle.framework */,
				79A060ED0FF1CBF50035F03A /* Sparkle Test App.app */,
				79A060EF0FF1CBF50035F03A /* relaunch */,
				79A060F10FF1CBF50035F03A /* Sparkle Unit Tests.octest */,
			);
			name = Products;
			sourceTree = "<group>";
		};
		D9566C2B0F37EA0800358646 /* deSIFR Resources */ = {
			isa = PBXGroup;
			children = (
				D9566C2C0F37EA0800358646 /* sifr2-addons.js */,
				D9566C2D0F37EA0800358646 /* sifr3-addons.js */,
			);
			name = "deSIFR Resources";
			path = "Plugin/deSIFR Resources";
			sourceTree = "<group>";
		};
/* End PBXGroup section */

/* Begin PBXNativeTarget section */
		55EB70410E04A8640016593D /* ClickToFlash */ = {
			isa = PBXNativeTarget;
			buildConfigurationList = 55EB70470E04A8650016593D /* Build configuration list for PBXNativeTarget "ClickToFlash" */;
			buildPhases = (
				55EB703E0E04A8640016593D /* Resources */,
				794759ED0F6095D900FD82E3 /* CopyFiles */,
				55EB703F0E04A8640016593D /* Sources */,
				55EB70400E04A8640016593D /* Frameworks */,
			);
			buildRules = (
			);
			dependencies = (
				79E0953A0FF32596008A21AD /* PBXTargetDependency */,
			);
			name = ClickToFlash;
			productName = ClickToFlash;
			productReference = 55EB70420E04A8640016593D /* ClickToFlash.webplugin */;
			productType = "com.apple.product-type.bundle";
		};
/* End PBXNativeTarget section */

/* Begin PBXProject section */
		55EB70320E04A8410016593D /* Project object */ = {
			isa = PBXProject;
			buildConfigurationList = 55EB70350E04A8410016593D /* Build configuration list for PBXProject "ClickToFlash" */;
			compatibilityVersion = "Xcode 3.0";
			hasScannedForEncodings = 0;
			mainGroup = 55EB70300E04A8410016593D;
			productRefGroup = 55EB70430E04A8640016593D /* Products */;
			projectDirPath = "";
			projectReferences = (
				{
					ProductGroup = 79A060E40FF1CBF50035F03A /* Products */;
					ProjectRef = 79475E0C0F658D9A00FD82E3 /* Sparkle.xcodeproj */;
				},
			);
			projectRoot = "";
			targets = (
				55EB70410E04A8640016593D /* ClickToFlash */,
				2B9260570F36854B000F1583 /* Install plugin for user */,
				FADCD4220F421EAE00749805 /* Build Package */,
			);
		};
/* End PBXProject section */

/* Begin PBXReferenceProxy section */
		79A060EB0FF1CBF50035F03A /* Sparkle.framework */ = {
			isa = PBXReferenceProxy;
			fileType = wrapper.framework;
			path = Sparkle.framework;
			remoteRef = 79A060EA0FF1CBF50035F03A /* PBXContainerItemProxy */;
			sourceTree = BUILT_PRODUCTS_DIR;
		};
		79A060ED0FF1CBF50035F03A /* Sparkle Test App.app */ = {
			isa = PBXReferenceProxy;
			fileType = wrapper.application;
			path = "Sparkle Test App.app";
			remoteRef = 79A060EC0FF1CBF50035F03A /* PBXContainerItemProxy */;
			sourceTree = BUILT_PRODUCTS_DIR;
		};
		79A060EF0FF1CBF50035F03A /* relaunch */ = {
			isa = PBXReferenceProxy;
			fileType = "compiled.mach-o.executable";
			path = relaunch;
			remoteRef = 79A060EE0FF1CBF50035F03A /* PBXContainerItemProxy */;
			sourceTree = BUILT_PRODUCTS_DIR;
		};
		79A060F10FF1CBF50035F03A /* Sparkle Unit Tests.octest */ = {
			isa = PBXReferenceProxy;
			fileType = wrapper.cfbundle;
			path = "Sparkle Unit Tests.octest";
			remoteRef = 79A060F00FF1CBF50035F03A /* PBXContainerItemProxy */;
			sourceTree = BUILT_PRODUCTS_DIR;
		};
/* End PBXReferenceProxy section */

/* Begin PBXResourcesBuildPhase section */
		55EB703E0E04A8640016593D /* Resources */ = {
			isa = PBXResourcesBuildPhase;
			buildActionMask = 2147483647;
			files = (
				D9566D8C0F380C9F00358646 /* sifr2-addons.js in Resources */,
				D9566D8D0F380C9F00358646 /* sifr3-addons.js in Resources */,
				072189BE0F30D9C3008C8944 /* ContextualMenu.xib in Resources */,
				072189BF0F30D9C3008C8944 /* WhitelistPanel.xib in Resources */,
				6953E43C0F3EDEB50014ECF7 /* MenubarMenu.xib in Resources */,
				A494CC2C0F9F2446007D5EEB /* ctf.icns in Resources */,
				00FBE92F0FCD68CE00BC0995 /* NSActionTemplate.png in Resources */,
				79B1F5C0105D9CEE0081D0B0 /* dsa_pub.pem in Resources */,
			);
			runOnlyForDeploymentPostprocessing = 0;
		};
/* End PBXResourcesBuildPhase section */

/* Begin PBXShellScriptBuildPhase section */
		2B9260560F36854B000F1583 /* ShellScript */ = {
			isa = PBXShellScriptBuildPhase;
			buildActionMask = 2147483647;
			files = (
			);
			inputPaths = (
			);
			outputPaths = (
			);
			runOnlyForDeploymentPostprocessing = 0;
			shellPath = /bin/sh;
			shellScript = "rm -Rf \"$HOME/Library/Internet Plug-Ins/ClickToFlash.plugin\"\nrm -Rf \"$HOME/Library/Internet Plug-Ins/ClickToFlash.webplugin\"\ncp -R \"$BUILT_PRODUCTS_DIR/ClickToFlash.webplugin\" \"$HOME/Library/Internet Plug-Ins/ClickToFlash.webplugin\"\nexit 0";
		};
		FADCD4210F421EAE00749805 /* ShellScript */ = {
			isa = PBXShellScriptBuildPhase;
			buildActionMask = 2147483647;
			files = (
			);
			inputPaths = (
			);
			outputPaths = (
			);
			runOnlyForDeploymentPostprocessing = 0;
			shellPath = /bin/sh;
			shellScript = "bash $PROJECT_DIR/Installer/build_installer_pkg.command\n";
		};
/* End PBXShellScriptBuildPhase section */

/* Begin PBXSourcesBuildPhase section */
		55EB703F0E04A8640016593D /* Sources */ = {
			isa = PBXSourcesBuildPhase;
			buildActionMask = 2147483647;
			files = (
				69A26D0C0F302C10006648BC /* NSBezierPath-RoundedRectangle.m in Sources */,
				79A21C4D0F30B735009424B8 /* CTFWhitelistWindowController.m in Sources */,
				55EB70480E04A8850016593D /* Plugin.m in Sources */,
				6953E4360F3EDE9D0014ECF7 /* CTFMenubarMenuController.m in Sources */,
				844695F70F470D1F00DC783A /* CTFsIFRSupport.m in Sources */,
				845704550F4792320017F3F4 /* CTFWhitelist.m in Sources */,
				8457045A0F47BC170017F3F4 /* CTFUtilities.m in Sources */,
				79E2EB930F86AAD3005CF170 /* SparkleManager.m in Sources */,
				0038DE240FC0CCF0007B54E9 /* MATrackingArea.m in Sources */,
				A4DEFC7A0FF33F7400CCB6A8 /* CTFPreferencesDictionary.m in Sources */,
				A4DEFC7B0FF33F7400CCB6A8 /* CTFUserDefaultsController.m in Sources */,
				79166CBD0FF69E1800B1F69B /* CTFGradient.m in Sources */,
			);
			runOnlyForDeploymentPostprocessing = 0;
		};
/* End PBXSourcesBuildPhase section */

/* Begin PBXTargetDependency section */
		2B92605B0F368559000F1583 /* PBXTargetDependency */ = {
			isa = PBXTargetDependency;
			target = 55EB70410E04A8640016593D /* ClickToFlash */;
			targetProxy = 2B92605A0F368559000F1583 /* PBXContainerItemProxy */;
		};
		79E0953A0FF32596008A21AD /* PBXTargetDependency */ = {
			isa = PBXTargetDependency;
			name = Sparkle;
			targetProxy = 79E095390FF32596008A21AD /* PBXContainerItemProxy */;
		};
		FADCD4260F421EBD00749805 /* PBXTargetDependency */ = {
			isa = PBXTargetDependency;
			target = 55EB70410E04A8640016593D /* ClickToFlash */;
			targetProxy = FADCD4250F421EBD00749805 /* PBXContainerItemProxy */;
		};
/* End PBXTargetDependency section */

/* Begin PBXVariantGroup section */
		072189BA0F30D9C3008C8944 /* ContextualMenu.xib */ = {
			isa = PBXVariantGroup;
			children = (
				072189BB0F30D9C3008C8944 /* English */,
			);
			name = ContextualMenu.xib;
			sourceTree = "<group>";
		};
		072189BC0F30D9C3008C8944 /* WhitelistPanel.xib */ = {
			isa = PBXVariantGroup;
			children = (
				072189BD0F30D9C3008C8944 /* English */,
			);
			name = WhitelistPanel.xib;
			sourceTree = "<group>";
		};
		6953E43A0F3EDEB50014ECF7 /* MenubarMenu.xib */ = {
			isa = PBXVariantGroup;
			children = (
				6953E43B0F3EDEB50014ECF7 /* English */,
			);
			name = MenubarMenu.xib;
			sourceTree = "<group>";
		};
/* End PBXVariantGroup section */

/* Begin XCBuildConfiguration section */
		2B9260580F36854B000F1583 /* Debug */ = {
			isa = XCBuildConfiguration;
			buildSettings = {
				PRODUCT_NAME = "Install plugin for user";
			};
			name = Debug;
		};
		2B9260590F36854B000F1583 /* Release */ = {
			isa = XCBuildConfiguration;
			buildSettings = {
				PRODUCT_NAME = "Install plugin for user";
			};
			name = Release;
		};
		55EB70330E04A8410016593D /* Debug */ = {
			isa = XCBuildConfiguration;
			buildSettings = {
				COPY_PHASE_STRIP = NO;
				GCC_C_LANGUAGE_STANDARD = gnu99;
				GCC_TREAT_WARNINGS_AS_ERRORS = YES;
				GCC_WARN_ABOUT_MISSING_PROTOTYPES = YES;
				GCC_WARN_SIGN_COMPARE = YES;
				PRODUCT_VERSION = 1.5.4;
				WARNING_CFLAGS = "-Wall";
			};
			name = Debug;
		};
		55EB70340E04A8410016593D /* Release */ = {
			isa = XCBuildConfiguration;
			buildSettings = {
				COPY_PHASE_STRIP = YES;
				GCC_C_LANGUAGE_STANDARD = gnu99;
				GCC_TREAT_WARNINGS_AS_ERRORS = YES;
				GCC_WARN_ABOUT_MISSING_PROTOTYPES = YES;
				GCC_WARN_SIGN_COMPARE = YES;
				PRODUCT_VERSION = 1.5.4;
				WARNING_CFLAGS = "-Wall";
			};
			name = Release;
		};
		55EB70450E04A8640016593D /* Debug */ = {
			isa = XCBuildConfiguration;
			buildSettings = {
				ARCHS = (
					ppc,
					i386,
					x86_64,
				);
				COPY_PHASE_STRIP = NO;
				FRAMEWORK_SEARCH_PATHS = "\"$(BUILT_PRODUCTS_DIR)/$(FRAMEWORKS_FOLDER_PATH)\"";
				GCC_DYNAMIC_NO_PIC = NO;
				GCC_ENABLE_FIX_AND_CONTINUE = YES;
				GCC_ENABLE_OBJC_GC = supported;
				GCC_MODEL_TUNING = G5;
				GCC_OPTIMIZATION_LEVEL = 0;
				GCC_PRECOMPILE_PREFIX_HEADER = NO;
				GCC_PREFIX_HEADER = Plugin/ClickToFlash_Prefix.pch;
				INFOPLIST_FILE = "Plugin/Info-Plugin.plist";
				INSTALL_PATH = "$(HOME)/Library/Bundles";
				MACOSX_DEPLOYMENT_TARGET = 10.5;
				"MACOSX_DEPLOYMENT_TARGET[arch=i386]" = 10.4;
				"MACOSX_DEPLOYMENT_TARGET[arch=ppc]" = 10.4;
				PREBINDING = NO;
				PRODUCT_NAME = ClickToFlash;
				SDKROOT = "$(DEVELOPER_SDK_DIR)/MacOSX10.5.sdk";
				VALID_ARCHS = "ppc i386 x86_64";
				WRAPPER_EXTENSION = webplugin;
				ZERO_LINK = NO;
			};
			name = Debug;
		};
		55EB70460E04A8640016593D /* Release */ = {
			isa = XCBuildConfiguration;
			buildSettings = {
				ARCHS = (
					ppc,
					i386,
					x86_64,
				);
				COPY_PHASE_STRIP = YES;
				DEBUG_INFORMATION_FORMAT = "dwarf-with-dsym";
				FRAMEWORK_SEARCH_PATHS = "\"$(BUILT_PRODUCTS_DIR)/$(FRAMEWORKS_FOLDER_PATH)\"";
				GCC_ENABLE_FIX_AND_CONTINUE = NO;
				GCC_ENABLE_OBJC_GC = supported;
				GCC_MODEL_TUNING = G5;
				GCC_PRECOMPILE_PREFIX_HEADER = NO;
				GCC_PREFIX_HEADER = "";
				INFOPLIST_FILE = "Plugin/Info-Plugin.plist";
				INSTALL_PATH = "$(HOME)/Library/Bundles";
				MACOSX_DEPLOYMENT_TARGET = 10.5;
				"MACOSX_DEPLOYMENT_TARGET[arch=i386]" = 10.4;
				"MACOSX_DEPLOYMENT_TARGET[arch=ppc]" = 10.4;
				PREBINDING = NO;
				PRODUCT_NAME = ClickToFlash;
				SDKROOT = "$(DEVELOPER_SDK_DIR)/MacOSX10.5.sdk";
				VALID_ARCHS = "ppc i386 x86_64";
				WRAPPER_EXTENSION = webplugin;
				ZERO_LINK = NO;
			};
			name = Release;
		};
		FADCD4230F421EAE00749805 /* Debug */ = {
			isa = XCBuildConfiguration;
			buildSettings = {
				PRODUCT_NAME = "Build Package";
			};
			name = Debug;
		};
		FADCD4240F421EAE00749805 /* Release */ = {
			isa = XCBuildConfiguration;
			buildSettings = {
				PRODUCT_NAME = "Build Package";
			};
			name = Release;
		};
/* End XCBuildConfiguration section */

/* Begin XCConfigurationList section */
		2B9260650F368565000F1583 /* Build configuration list for PBXAggregateTarget "Install plugin for user" */ = {
			isa = XCConfigurationList;
			buildConfigurations = (
				2B9260580F36854B000F1583 /* Debug */,
				2B9260590F36854B000F1583 /* Release */,
			);
			defaultConfigurationIsVisible = 0;
			defaultConfigurationName = Release;
		};
		55EB70350E04A8410016593D /* Build configuration list for PBXProject "ClickToFlash" */ = {
			isa = XCConfigurationList;
			buildConfigurations = (
				55EB70330E04A8410016593D /* Debug */,
				55EB70340E04A8410016593D /* Release */,
			);
			defaultConfigurationIsVisible = 0;
			defaultConfigurationName = Release;
		};
		55EB70470E04A8650016593D /* Build configuration list for PBXNativeTarget "ClickToFlash" */ = {
			isa = XCConfigurationList;
			buildConfigurations = (
				55EB70450E04A8640016593D /* Debug */,
				55EB70460E04A8640016593D /* Release */,
			);
			defaultConfigurationIsVisible = 0;
			defaultConfigurationName = Release;
		};
		FADCD4270F421EDB00749805 /* Build configuration list for PBXAggregateTarget "Build Package" */ = {
			isa = XCConfigurationList;
			buildConfigurations = (
				FADCD4230F421EAE00749805 /* Debug */,
				FADCD4240F421EAE00749805 /* Release */,
			);
			defaultConfigurationIsVisible = 0;
			defaultConfigurationName = Release;
		};
/* End XCConfigurationList section */
	};
	rootObject = 55EB70320E04A8410016593D /* Project object */;
}
