// !$*UTF8*$!
{
	archiveVersion = 1;
	classes = {
	};
	objectVersion = 42;
	objects = {

/* Begin PBXAggregateTarget section */
		2B9260570F36854B000F1583 /* Install plugin for user */ = {
			isa = PBXAggregateTarget;
			buildConfigurationList = 2B9260650F368565000F1583 /* Build configuration list for PBXAggregateTarget "Install plugin for user" */;
			buildPhases = (
				2B9260560F36854B000F1583 /* ShellScript */,
			);
			dependencies = (
				2B92605B0F368559000F1583 /* PBXTargetDependency */,
			);
			name = "Install plugin for user";
			productName = "Install plugin for user";
		};
		FADCD4220F421EAE00749805 /* Build Package */ = {
			isa = PBXAggregateTarget;
			buildConfigurationList = FADCD4270F421EDB00749805 /* Build configuration list for PBXAggregateTarget "Build Package" */;
			buildPhases = (
				FADCD4210F421EAE00749805 /* ShellScript */,
			);
			dependencies = (
				FADCD4260F421EBD00749805 /* PBXTargetDependency */,
			);
			name = "Build Package";
			productName = "Build Package";
		};
/* End PBXAggregateTarget section */

/* Begin PBXBuildFile section */
		072189BE0F30D9C3008C8944 /* ContextualMenu.xib in Resources */ = {isa = PBXBuildFile; fileRef = 072189BA0F30D9C3008C8944 /* ContextualMenu.xib */; };
		072189BF0F30D9C3008C8944 /* WhitelistPanel.xib in Resources */ = {isa = PBXBuildFile; fileRef = 072189BC0F30D9C3008C8944 /* WhitelistPanel.xib */; };
		55EB70480E04A8850016593D /* Plugin.m in Sources */ = {isa = PBXBuildFile; fileRef = 55EB703D0E04A84F0016593D /* Plugin.m */; };
		55EB70580E04A8B80016593D /* Cocoa.framework in Frameworks */ = {isa = PBXBuildFile; fileRef = 55EB70560E04A8B80016593D /* Cocoa.framework */; };
		55EB70590E04A8B80016593D /* WebKit.framework in Frameworks */ = {isa = PBXBuildFile; fileRef = 55EB70570E04A8B80016593D /* WebKit.framework */; };
		6953E4360F3EDE9D0014ECF7 /* CTFMenubarMenuController.m in Sources */ = {isa = PBXBuildFile; fileRef = 6953E4340F3EDE9D0014ECF7 /* CTFMenubarMenuController.m */; };
		6953E43C0F3EDEB50014ECF7 /* MenubarMenu.xib in Resources */ = {isa = PBXBuildFile; fileRef = 6953E43A0F3EDEB50014ECF7 /* MenubarMenu.xib */; };
		69A26D0C0F302C10006648BC /* NSBezierPath-RoundedRectangle.m in Sources */ = {isa = PBXBuildFile; fileRef = 69A26D0B0F302C10006648BC /* NSBezierPath-RoundedRectangle.m */; };
		79A21C4D0F30B735009424B8 /* CTFWhitelistWindowController.m in Sources */ = {isa = PBXBuildFile; fileRef = 79A21C490F30B735009424B8 /* CTFWhitelistWindowController.m */; };
		844695F70F470D1F00DC783A /* CTFsIFRSupport.m in Sources */ = {isa = PBXBuildFile; fileRef = 844695910F46FC6600DC783A /* CTFsIFRSupport.m */; };
		845704550F4792320017F3F4 /* CTFWhitelist.m in Sources */ = {isa = PBXBuildFile; fileRef = 845704540F4792320017F3F4 /* CTFWhitelist.m */; };
		8457045A0F47BC170017F3F4 /* CTFUtilities.m in Sources */ = {isa = PBXBuildFile; fileRef = 845704590F47BC170017F3F4 /* CTFUtilities.m */; };
		B5028E930F413553004886D7 /* HarnessAppDelegate.m in Sources */ = {isa = PBXBuildFile; fileRef = B5028E910F413553004886D7 /* HarnessAppDelegate.m */; };
		B5CFF17A0F40EEF1005DB9CC /* WhitelistPanel.xib in Resources */ = {isa = PBXBuildFile; fileRef = 072189BC0F30D9C3008C8944 /* WhitelistPanel.xib */; };
		B5CFF1870F40F000005DB9CC /* HarnessMain.xib in Resources */ = {isa = PBXBuildFile; fileRef = B5CFF1860F40F000005DB9CC /* HarnessMain.xib */; };
		B5CFF18A0F40F013005DB9CC /* CTFWhitelistWindowController.m in Sources */ = {isa = PBXBuildFile; fileRef = 79A21C490F30B735009424B8 /* CTFWhitelistWindowController.m */; };
		B5CFF1AE0F40F070005DB9CC /* HarnessMain.m in Sources */ = {isa = PBXBuildFile; fileRef = B5CFF1AD0F40F070005DB9CC /* HarnessMain.m */; };
		D9566D8C0F380C9F00358646 /* sifr2-addons.js in Resources */ = {isa = PBXBuildFile; fileRef = D9566C2C0F37EA0800358646 /* sifr2-addons.js */; };
		D9566D8D0F380C9F00358646 /* sifr3-addons.js in Resources */ = {isa = PBXBuildFile; fileRef = D9566C2D0F37EA0800358646 /* sifr3-addons.js */; };
/* End PBXBuildFile section */

/* Begin PBXContainerItemProxy section */
		2B92605A0F368559000F1583 /* PBXContainerItemProxy */ = {
			isa = PBXContainerItemProxy;
			containerPortal = 55EB70320E04A8410016593D /* Project object */;
			proxyType = 1;
			remoteGlobalIDString = 55EB70410E04A8640016593D;
			remoteInfo = ClickToFlash;
		};
		FADCD4250F421EBD00749805 /* PBXContainerItemProxy */ = {
			isa = PBXContainerItemProxy;
			containerPortal = 55EB70320E04A8410016593D /* Project object */;
			proxyType = 1;
			remoteGlobalIDString = 55EB70410E04A8640016593D;
			remoteInfo = ClickToFlash;
		};
/* End PBXContainerItemProxy section */

/* Begin PBXFileReference section */
		072189BB0F30D9C3008C8944 /* English */ = {isa = PBXFileReference; lastKnownFileType = file.xib; name = English; path = Plugin/English.lproj/ContextualMenu.xib; sourceTree = "<group>"; };
		072189BD0F30D9C3008C8944 /* English */ = {isa = PBXFileReference; lastKnownFileType = file.xib; name = English; path = Plugin/English.lproj/WhitelistPanel.xib; sourceTree = "<group>"; };
		55EB703C0E04A84F0016593D /* Plugin.h */ = {isa = PBXFileReference; fileEncoding = 4; lastKnownFileType = sourcecode.c.h; name = Plugin.h; path = Plugin/Plugin.h; sourceTree = "<group>"; };
		55EB703D0E04A84F0016593D /* Plugin.m */ = {isa = PBXFileReference; fileEncoding = 4; lastKnownFileType = sourcecode.c.objc; name = Plugin.m; path = Plugin/Plugin.m; sourceTree = "<group>"; };
		55EB70420E04A8640016593D /* ClickToFlash.plugin */ = {isa = PBXFileReference; explicitFileType = wrapper.cfbundle; includeInIndex = 0; path = ClickToFlash.plugin; sourceTree = BUILT_PRODUCTS_DIR; };
		55EB70560E04A8B80016593D /* Cocoa.framework */ = {isa = PBXFileReference; lastKnownFileType = wrapper.framework; name = Cocoa.framework; path = /System/Library/Frameworks/Cocoa.framework; sourceTree = "<absolute>"; };
		55EB70570E04A8B80016593D /* WebKit.framework */ = {isa = PBXFileReference; lastKnownFileType = wrapper.framework; name = WebKit.framework; path = /System/Library/Frameworks/WebKit.framework; sourceTree = "<absolute>"; };
		55EB70610E04A8D00016593D /* Info-Plugin.plist */ = {isa = PBXFileReference; fileEncoding = 4; lastKnownFileType = text.plist.xml; name = "Info-Plugin.plist"; path = "Plugin/Info-Plugin.plist"; sourceTree = "<group>"; };
		6953E4340F3EDE9D0014ECF7 /* CTFMenubarMenuController.m */ = {isa = PBXFileReference; fileEncoding = 4; lastKnownFileType = sourcecode.c.objc; name = CTFMenubarMenuController.m; path = Plugin/CTFMenubarMenuController.m; sourceTree = "<group>"; };
		6953E4350F3EDE9D0014ECF7 /* CTFMenubarMenuController.h */ = {isa = PBXFileReference; fileEncoding = 4; lastKnownFileType = sourcecode.c.h; name = CTFMenubarMenuController.h; path = Plugin/CTFMenubarMenuController.h; sourceTree = "<group>"; };
		6953E43B0F3EDEB50014ECF7 /* English */ = {isa = PBXFileReference; lastKnownFileType = file.xib; name = English; path = Plugin/English.lproj/MenubarMenu.xib; sourceTree = "<group>"; };
		69A26D0A0F302C10006648BC /* NSBezierPath-RoundedRectangle.h */ = {isa = PBXFileReference; fileEncoding = 4; lastKnownFileType = sourcecode.c.h; name = "NSBezierPath-RoundedRectangle.h"; path = "Plugin/NSBezierPath-RoundedRectangle.h"; sourceTree = "<group>"; };
		69A26D0B0F302C10006648BC /* NSBezierPath-RoundedRectangle.m */ = {isa = PBXFileReference; fileEncoding = 4; lastKnownFileType = sourcecode.c.objc; name = "NSBezierPath-RoundedRectangle.m"; path = "Plugin/NSBezierPath-RoundedRectangle.m"; sourceTree = "<group>"; };
		79A21C490F30B735009424B8 /* CTFWhitelistWindowController.m */ = {isa = PBXFileReference; fileEncoding = 4; lastKnownFileType = sourcecode.c.objc; name = CTFWhitelistWindowController.m; path = Plugin/CTFWhitelistWindowController.m; sourceTree = "<group>"; };
		79A21C4A0F30B735009424B8 /* CTFWhitelistWindowController.h */ = {isa = PBXFileReference; fileEncoding = 4; lastKnownFileType = sourcecode.c.h; name = CTFWhitelistWindowController.h; path = Plugin/CTFWhitelistWindowController.h; sourceTree = "<group>"; };
		844695900F46FC6600DC783A /* CTFsIFRSupport.h */ = {isa = PBXFileReference; fileEncoding = 4; lastKnownFileType = sourcecode.c.h; name = CTFsIFRSupport.h; path = Plugin/CTFsIFRSupport.h; sourceTree = "<group>"; };
		844695910F46FC6600DC783A /* CTFsIFRSupport.m */ = {isa = PBXFileReference; fileEncoding = 4; lastKnownFileType = sourcecode.c.objc; name = CTFsIFRSupport.m; path = Plugin/CTFsIFRSupport.m; sourceTree = "<group>"; };
		845704530F4792320017F3F4 /* CTFWhitelist.h */ = {isa = PBXFileReference; fileEncoding = 4; lastKnownFileType = sourcecode.c.h; name = CTFWhitelist.h; path = Plugin/CTFWhitelist.h; sourceTree = "<group>"; };
		845704540F4792320017F3F4 /* CTFWhitelist.m */ = {isa = PBXFileReference; fileEncoding = 4; lastKnownFileType = sourcecode.c.objc; name = CTFWhitelist.m; path = Plugin/CTFWhitelist.m; sourceTree = "<group>"; };
		845704580F47BC170017F3F4 /* CTFUtilities.h */ = {isa = PBXFileReference; fileEncoding = 4; lastKnownFileType = sourcecode.c.h; name = CTFUtilities.h; path = Plugin/CTFUtilities.h; sourceTree = "<group>"; };
		845704590F47BC170017F3F4 /* CTFUtilities.m */ = {isa = PBXFileReference; fileEncoding = 4; lastKnownFileType = sourcecode.c.objc; name = CTFUtilities.m; path = Plugin/CTFUtilities.m; sourceTree = "<group>"; };
		B5028E910F413553004886D7 /* HarnessAppDelegate.m */ = {isa = PBXFileReference; fileEncoding = 4; lastKnownFileType = sourcecode.c.objc; name = HarnessAppDelegate.m; path = "TestFiles/Debugging Harness/HarnessAppDelegate.m"; sourceTree = "<group>"; };
		B5028E920F413553004886D7 /* HarnessAppDelegate.h */ = {isa = PBXFileReference; fileEncoding = 4; lastKnownFileType = sourcecode.c.h; name = HarnessAppDelegate.h; path = "TestFiles/Debugging Harness/HarnessAppDelegate.h"; sourceTree = "<group>"; };
		B5CFF1740F40EEDB005DB9CC /* Whitelist Panel Harness.app */ = {isa = PBXFileReference; explicitFileType = wrapper.application; includeInIndex = 0; path = "Whitelist Panel Harness.app"; sourceTree = BUILT_PRODUCTS_DIR; };
		B5CFF1860F40F000005DB9CC /* HarnessMain.xib */ = {isa = PBXFileReference; lastKnownFileType = file.xib; name = HarnessMain.xib; path = "TestFiles/Debugging Harness/HarnessMain.xib"; sourceTree = "<group>"; };
		B5CFF1AB0F40F064005DB9CC /* Harness-Info.plist */ = {isa = PBXFileReference; fileEncoding = 4; lastKnownFileType = text.plist.xml; name = "Harness-Info.plist"; path = "TestFiles/Debugging Harness/Harness-Info.plist"; sourceTree = "<group>"; };
		B5CFF1AD0F40F070005DB9CC /* HarnessMain.m */ = {isa = PBXFileReference; fileEncoding = 4; lastKnownFileType = sourcecode.c.objc; name = HarnessMain.m; path = "TestFiles/Debugging Harness/HarnessMain.m"; sourceTree = "<group>"; };
		D9566C2C0F37EA0800358646 /* sifr2-addons.js */ = {isa = PBXFileReference; fileEncoding = 4; lastKnownFileType = sourcecode.javascript; path = "sifr2-addons.js"; sourceTree = "<group>"; };
		D9566C2D0F37EA0800358646 /* sifr3-addons.js */ = {isa = PBXFileReference; fileEncoding = 4; lastKnownFileType = sourcecode.javascript; path = "sifr3-addons.js"; sourceTree = "<group>"; };
		D9FFA7650F3941C1008A8708 /* ClickToFlash_Prefix.pch */ = {isa = PBXFileReference; fileEncoding = 4; lastKnownFileType = sourcecode.c.h; name = ClickToFlash_Prefix.pch; path = Plugin/ClickToFlash_Prefix.pch; sourceTree = "<group>"; };
/* End PBXFileReference section */

/* Begin PBXFrameworksBuildPhase section */
		55EB70400E04A8640016593D /* Frameworks */ = {
			isa = PBXFrameworksBuildPhase;
			buildActionMask = 2147483647;
			files = (
				55EB70580E04A8B80016593D /* Cocoa.framework in Frameworks */,
				55EB70590E04A8B80016593D /* WebKit.framework in Frameworks */,
			);
			runOnlyForDeploymentPostprocessing = 0;
		};
		B5CFF1720F40EEDB005DB9CC /* Frameworks */ = {
			isa = PBXFrameworksBuildPhase;
			buildActionMask = 2147483647;
			files = (
			);
			runOnlyForDeploymentPostprocessing = 0;
		};
/* End PBXFrameworksBuildPhase section */

/* Begin PBXGroup section */
		55EB70300E04A8410016593D = {
			isa = PBXGroup;
			children = (
				55EB70540E04A89C0016593D /* Plugin */,
				B5CFF1810F40EF98005DB9CC /* Debugging Harness */,
				55EB70550E04A8A40016593D /* Frameworks */,
				55EB70430E04A8640016593D /* Products */,
			);
			sourceTree = "<group>";
		};
		55EB70430E04A8640016593D /* Products */ = {
			isa = PBXGroup;
			children = (
				55EB70420E04A8640016593D /* ClickToFlash.plugin */,
				B5CFF1740F40EEDB005DB9CC /* Whitelist Panel Harness.app */,
			);
			name = Products;
			sourceTree = "<group>";
		};
		55EB70540E04A89C0016593D /* Plugin */ = {
			isa = PBXGroup;
			children = (
				845704580F47BC170017F3F4 /* CTFUtilities.h */,
				845704590F47BC170017F3F4 /* CTFUtilities.m */,
				55EB703D0E04A84F0016593D /* Plugin.m */,
				55EB703C0E04A84F0016593D /* Plugin.h */,
				6953E4340F3EDE9D0014ECF7 /* CTFMenubarMenuController.m */,
				6953E4350F3EDE9D0014ECF7 /* CTFMenubarMenuController.h */,
				844695910F46FC6600DC783A /* CTFsIFRSupport.m */,
				844695900F46FC6600DC783A /* CTFsIFRSupport.h */,
				845704540F4792320017F3F4 /* CTFWhitelist.m */,
				845704530F4792320017F3F4 /* CTFWhitelist.h */,
				79A21C490F30B735009424B8 /* CTFWhitelistWindowController.m */,
				79A21C4A0F30B735009424B8 /* CTFWhitelistWindowController.h */,
				69A26D0B0F302C10006648BC /* NSBezierPath-RoundedRectangle.m */,
				69A26D0A0F302C10006648BC /* NSBezierPath-RoundedRectangle.h */,
				55EB70610E04A8D00016593D /* Info-Plugin.plist */,
				6953E43A0F3EDEB50014ECF7 /* MenubarMenu.xib */,
				072189BA0F30D9C3008C8944 /* ContextualMenu.xib */,
				072189BC0F30D9C3008C8944 /* WhitelistPanel.xib */,
				D9FFA7650F3941C1008A8708 /* ClickToFlash_Prefix.pch */,
				D9566C2B0F37EA0800358646 /* deSIFR Resources */,
			);
			name = Plugin;
			sourceTree = "<group>";
		};
		55EB70550E04A8A40016593D /* Frameworks */ = {
			isa = PBXGroup;
			children = (
				55EB70560E04A8B80016593D /* Cocoa.framework */,
				55EB70570E04A8B80016593D /* WebKit.framework */,
			);
			name = Frameworks;
			sourceTree = "<group>";
		};
		B5CFF1810F40EF98005DB9CC /* Debugging Harness */ = {
			isa = PBXGroup;
			children = (
				B5CFF1AD0F40F070005DB9CC /* HarnessMain.m */,
				B5CFF1AB0F40F064005DB9CC /* Harness-Info.plist */,
				B5CFF1860F40F000005DB9CC /* HarnessMain.xib */,
				B5028E910F413553004886D7 /* HarnessAppDelegate.m */,
				B5028E920F413553004886D7 /* HarnessAppDelegate.h */,
			);
			name = "Debugging Harness";
			sourceTree = "<group>";
		};
		D9566C2B0F37EA0800358646 /* deSIFR Resources */ = {
			isa = PBXGroup;
			children = (
				D9566C2C0F37EA0800358646 /* sifr2-addons.js */,
				D9566C2D0F37EA0800358646 /* sifr3-addons.js */,
			);
			name = "deSIFR Resources";
			path = "Plugin/deSIFR Resources";
			sourceTree = "<group>";
		};
/* End PBXGroup section */

/* Begin PBXNativeTarget section */
		55EB70410E04A8640016593D /* ClickToFlash */ = {
			isa = PBXNativeTarget;
			buildConfigurationList = 55EB70470E04A8650016593D /* Build configuration list for PBXNativeTarget "ClickToFlash" */;
			buildPhases = (
				55EB703E0E04A8640016593D /* Resources */,
				55EB703F0E04A8640016593D /* Sources */,
				55EB70400E04A8640016593D /* Frameworks */,
			);
			buildRules = (
			);
			dependencies = (
			);
			name = ClickToFlash;
			productName = ClickToFlash;
			productReference = 55EB70420E04A8640016593D /* ClickToFlash.plugin */;
			productType = "com.apple.product-type.bundle";
		};
		B5CFF1730F40EEDB005DB9CC /* Whitelist Panel Harness */ = {
			isa = PBXNativeTarget;
			buildConfigurationList = B5CFF1790F40EEDC005DB9CC /* Build configuration list for PBXNativeTarget "Whitelist Panel Harness" */;
			buildPhases = (
				B5CFF1700F40EEDB005DB9CC /* Resources */,
				B5CFF1710F40EEDB005DB9CC /* Sources */,
				B5CFF1720F40EEDB005DB9CC /* Frameworks */,
			);
			buildRules = (
			);
			dependencies = (
			);
			name = "Whitelist Panel Harness";
			productName = "Whitelist Panel Harness";
			productReference = B5CFF1740F40EEDB005DB9CC /* Whitelist Panel Harness.app */;
			productType = "com.apple.product-type.application";
		};
/* End PBXNativeTarget section */

/* Begin PBXProject section */
		55EB70320E04A8410016593D /* Project object */ = {
			isa = PBXProject;
			buildConfigurationList = 55EB70350E04A8410016593D /* Build configuration list for PBXProject "ClickToFlash" */;
			compatibilityVersion = "Xcode 2.4";
			hasScannedForEncodings = 0;
			mainGroup = 55EB70300E04A8410016593D;
			productRefGroup = 55EB70430E04A8640016593D /* Products */;
			projectDirPath = "";
			projectRoot = "";
			targets = (
				55EB70410E04A8640016593D /* ClickToFlash */,
				2B9260570F36854B000F1583 /* Install plugin for user */,
				B5CFF1730F40EEDB005DB9CC /* Whitelist Panel Harness */,
				FADCD4220F421EAE00749805 /* Build Package */,
			);
		};
/* End PBXProject section */

/* Begin PBXResourcesBuildPhase section */
		55EB703E0E04A8640016593D /* Resources */ = {
			isa = PBXResourcesBuildPhase;
			buildActionMask = 2147483647;
			files = (
				D9566D8C0F380C9F00358646 /* sifr2-addons.js in Resources */,
				D9566D8D0F380C9F00358646 /* sifr3-addons.js in Resources */,
				072189BE0F30D9C3008C8944 /* ContextualMenu.xib in Resources */,
				072189BF0F30D9C3008C8944 /* WhitelistPanel.xib in Resources */,
				6953E43C0F3EDEB50014ECF7 /* MenubarMenu.xib in Resources */,
			);
			runOnlyForDeploymentPostprocessing = 0;
		};
		B5CFF1700F40EEDB005DB9CC /* Resources */ = {
			isa = PBXResourcesBuildPhase;
			buildActionMask = 2147483647;
			files = (
				B5CFF17A0F40EEF1005DB9CC /* WhitelistPanel.xib in Resources */,
				B5CFF1870F40F000005DB9CC /* HarnessMain.xib in Resources */,
			);
			runOnlyForDeploymentPostprocessing = 0;
		};
/* End PBXResourcesBuildPhase section */

/* Begin PBXShellScriptBuildPhase section */
		2B9260560F36854B000F1583 /* ShellScript */ = {
			isa = PBXShellScriptBuildPhase;
			buildActionMask = 2147483647;
			files = (
			);
			inputPaths = (
			);
			outputPaths = (
			);
			runOnlyForDeploymentPostprocessing = 0;
			shellPath = /bin/sh;
			shellScript = "rm -Rf \"$HOME/Library/Internet Plug-Ins/ClickToFlash.plugin\"\ncp -R \"$BUILT_PRODUCTS_DIR/ClickToFlash.plugin\" \"$HOME/Library/Internet Plug-Ins/ClickToFlash.plugin\"\nexit 0";
		};
		FADCD4210F421EAE00749805 /* ShellScript */ = {
			isa = PBXShellScriptBuildPhase;
			buildActionMask = 2147483647;
			files = (
			);
			inputPaths = (
			);
			outputPaths = (
			);
			runOnlyForDeploymentPostprocessing = 0;
			shellPath = /bin/sh;
			shellScript = "if [ $BUILD_STYLE != \"Release\" ]; then\n     echo \"Could not generate package.\"\n\techo \"Active Configuration needs to be set to 'Release'.\"\n\texit 1\nfi\n\nSRC_DIR=\"$PROJECT_DIR/Package\"\nTARGET_FILE=\"$TARGET_BUILD_DIR/Install ClickToFlash.pkg\"\n\nif [ -f \"$TARGET_FILE\" ]; then\n\trm \"$TARGET_FILE\"\nfi\n\ncd $SRC_DIR\n\n\"$SYSTEM_DEVELOPER_UTILITIES_DIR/PackageMaker.app/Contents/MacOS/PackageMaker\" --doc \"Package Template.pmdoc\" -i com.github.rentzsch.clicktoflash.pkg -n \"$PRODUCT_VERSION\" -o \"../build/Release/Install ClickToFlash.pkg\"";
		};
/* End PBXShellScriptBuildPhase section */

/* Begin PBXSourcesBuildPhase section */
		55EB703F0E04A8640016593D /* Sources */ = {
			isa = PBXSourcesBuildPhase;
			buildActionMask = 2147483647;
			files = (
				69A26D0C0F302C10006648BC /* NSBezierPath-RoundedRectangle.m in Sources */,
				79A21C4D0F30B735009424B8 /* CTFWhitelistWindowController.m in Sources */,
				55EB70480E04A8850016593D /* Plugin.m in Sources */,
				6953E4360F3EDE9D0014ECF7 /* CTFMenubarMenuController.m in Sources */,
				844695F70F470D1F00DC783A /* CTFsIFRSupport.m in Sources */,
				845704550F4792320017F3F4 /* CTFWhitelist.m in Sources */,
				8457045A0F47BC170017F3F4 /* CTFUtilities.m in Sources */,
			);
			runOnlyForDeploymentPostprocessing = 0;
		};
		B5CFF1710F40EEDB005DB9CC /* Sources */ = {
			isa = PBXSourcesBuildPhase;
			buildActionMask = 2147483647;
			files = (
				B5CFF18A0F40F013005DB9CC /* CTFWhitelistWindowController.m in Sources */,
				B5CFF1AE0F40F070005DB9CC /* HarnessMain.m in Sources */,
				B5028E930F413553004886D7 /* HarnessAppDelegate.m in Sources */,
			);
			runOnlyForDeploymentPostprocessing = 0;
		};
/* End PBXSourcesBuildPhase section */

/* Begin PBXTargetDependency section */
		2B92605B0F368559000F1583 /* PBXTargetDependency */ = {
			isa = PBXTargetDependency;
			target = 55EB70410E04A8640016593D /* ClickToFlash */;
			targetProxy = 2B92605A0F368559000F1583 /* PBXContainerItemProxy */;
		};
		FADCD4260F421EBD00749805 /* PBXTargetDependency */ = {
			isa = PBXTargetDependency;
			target = 55EB70410E04A8640016593D /* ClickToFlash */;
			targetProxy = FADCD4250F421EBD00749805 /* PBXContainerItemProxy */;
		};
/* End PBXTargetDependency section */

/* Begin PBXVariantGroup section */
		072189BA0F30D9C3008C8944 /* ContextualMenu.xib */ = {
			isa = PBXVariantGroup;
			children = (
				072189BB0F30D9C3008C8944 /* English */,
			);
			name = ContextualMenu.xib;
			sourceTree = "<group>";
		};
		072189BC0F30D9C3008C8944 /* WhitelistPanel.xib */ = {
			isa = PBXVariantGroup;
			children = (
				072189BD0F30D9C3008C8944 /* English */,
			);
			name = WhitelistPanel.xib;
			sourceTree = "<group>";
		};
		6953E43A0F3EDEB50014ECF7 /* MenubarMenu.xib */ = {
			isa = PBXVariantGroup;
			children = (
				6953E43B0F3EDEB50014ECF7 /* English */,
			);
			name = MenubarMenu.xib;
			sourceTree = "<group>";
		};
/* End PBXVariantGroup section */

/* Begin XCBuildConfiguration section */
		2B9260580F36854B000F1583 /* Debug */ = {
			isa = XCBuildConfiguration;
			buildSettings = {
				COPY_PHASE_STRIP = NO;
				GCC_DYNAMIC_NO_PIC = NO;
				GCC_OPTIMIZATION_LEVEL = 0;
				PRODUCT_NAME = "Install plugin for user";
			};
			name = Debug;
		};
		2B9260590F36854B000F1583 /* Release */ = {
			isa = XCBuildConfiguration;
			buildSettings = {
				COPY_PHASE_STRIP = YES;
				DEBUG_INFORMATION_FORMAT = "dwarf-with-dsym";
				GCC_ENABLE_FIX_AND_CONTINUE = NO;
				PRODUCT_NAME = "Install plugin for user";
				ZERO_LINK = NO;
			};
			name = Release;
		};
		55EB70330E04A8410016593D /* Debug */ = {
			isa = XCBuildConfiguration;
			buildSettings = {
				COPY_PHASE_STRIP = NO;
				PRODUCT_VERSION = 1.3;
			};
			name = Debug;
		};
		55EB70340E04A8410016593D /* Release */ = {
			isa = XCBuildConfiguration;
			buildSettings = {
				COPY_PHASE_STRIP = YES;
				PRODUCT_VERSION = 1.3;
			};
			name = Release;
		};
		55EB70450E04A8640016593D /* Debug */ = {
			isa = XCBuildConfiguration;
			buildSettings = {
				ARCHS = "$(ARCHS_STANDARD_32_64_BIT_PRE_XCODE_3_1)";
				ARCHS_STANDARD_32_64_BIT_PRE_XCODE_3_1 = "ppc i386 ppc64 x86_64";
				COPY_PHASE_STRIP = NO;
				GCC_DYNAMIC_NO_PIC = NO;
				GCC_ENABLE_FIX_AND_CONTINUE = YES;
				GCC_MODEL_TUNING = G5;
				GCC_OPTIMIZATION_LEVEL = 0;
				GCC_PRECOMPILE_PREFIX_HEADER = NO;
				GCC_PREFIX_HEADER = Plugin/ClickToFlash_Prefix.pch;
				INFOPLIST_FILE = "Plugin/Info-Plugin.plist";
				INSTALL_PATH = "$(HOME)/Library/Bundles";
				OTHER_LDFLAGS = (
					"-framework",
					Carbon,
				);
				PREBINDING = NO;
				PRODUCT_NAME = ClickToFlash;
				SDKROOT = /Developer/SDKs/MacOSX10.5.sdk;
				WRAPPER_EXTENSION = plugin;
				ZERO_LINK = NO;
			};
			name = Debug;
		};
		55EB70460E04A8640016593D /* Release */ = {
			isa = XCBuildConfiguration;
			buildSettings = {
				ARCHS = "$(ARCHS_STANDARD_32_64_BIT_PRE_XCODE_3_1)";
				ARCHS_STANDARD_32_64_BIT_PRE_XCODE_3_1 = "ppc i386 ppc64 x86_64";
				COPY_PHASE_STRIP = YES;
				DEBUG_INFORMATION_FORMAT = "dwarf-with-dsym";
				GCC_ENABLE_FIX_AND_CONTINUE = NO;
				GCC_MODEL_TUNING = G5;
				GCC_PRECOMPILE_PREFIX_HEADER = NO;
				GCC_PREFIX_HEADER = "";
				GCC_PREPROCESSOR_DEFINITIONS = "";
				INFOPLIST_FILE = "Plugin/Info-Plugin.plist";
				INSTALL_PATH = "$(HOME)/Library/Bundles";
				OTHER_LDFLAGS = (
					"-framework",
					Carbon,
				);
				PREBINDING = NO;
				PRODUCT_NAME = ClickToFlash;
				SDKROOT = /Developer/SDKs/MacOSX10.5.sdk;
				WRAPPER_EXTENSION = plugin;
				ZERO_LINK = NO;
			};
			name = Release;
		};
		B5CFF1770F40EEDC005DB9CC /* Debug */ = {
			isa = XCBuildConfiguration;
			buildSettings = {
				ALWAYS_SEARCH_USER_PATHS = NO;
				COPY_PHASE_STRIP = NO;
				GCC_DYNAMIC_NO_PIC = NO;
				GCC_ENABLE_FIX_AND_CONTINUE = YES;
				GCC_MODEL_TUNING = G5;
				GCC_OPTIMIZATION_LEVEL = 0;
				GCC_PRECOMPILE_PREFIX_HEADER = YES;
				GCC_PREFIX_HEADER = "$(SYSTEM_LIBRARY_DIR)/Frameworks/AppKit.framework/Headers/AppKit.h";
				INFOPLIST_FILE = "TestFiles/Debugging Harness/Harness-Info.plist";
				INSTALL_PATH = "$(HOME)/Applications";
				OTHER_LDFLAGS = (
					"-framework",
					Foundation,
					"-framework",
					AppKit,
				);
				PREBINDING = NO;
				PRODUCT_NAME = "Whitelist Panel Harness";
			};
			name = Debug;
		};
		B5CFF1780F40EEDC005DB9CC /* Release */ = {
			isa = XCBuildConfiguration;
			buildSettings = {
				ALWAYS_SEARCH_USER_PATHS = NO;
				COPY_PHASE_STRIP = YES;
				DEBUG_INFORMATION_FORMAT = "dwarf-with-dsym";
				GCC_ENABLE_FIX_AND_CONTINUE = NO;
				GCC_MODEL_TUNING = G5;
				GCC_PRECOMPILE_PREFIX_HEADER = YES;
				GCC_PREFIX_HEADER = "$(SYSTEM_LIBRARY_DIR)/Frameworks/AppKit.framework/Headers/AppKit.h";
				INFOPLIST_FILE = "Whitelist Panel Harness-Info.plist";
				INSTALL_PATH = "$(HOME)/Applications";
				OTHER_LDFLAGS = (
					"-framework",
					Foundation,
					"-framework",
					AppKit,
				);
				PREBINDING = NO;
				PRODUCT_NAME = "Whitelist Panel Harness";
				ZERO_LINK = NO;
			};
			name = Release;
		};
		FADCD4230F421EAE00749805 /* Debug */ = {
			isa = XCBuildConfiguration;
			buildSettings = {
				COPY_PHASE_STRIP = NO;
				GCC_DYNAMIC_NO_PIC = NO;
				GCC_OPTIMIZATION_LEVEL = 0;
				PRODUCT_NAME = "Build Package";
			};
			name = Debug;
		};
		FADCD4240F421EAE00749805 /* Release */ = {
			isa = XCBuildConfiguration;
			buildSettings = {
				COPY_PHASE_STRIP = YES;
				DEBUG_INFORMATION_FORMAT = "dwarf-with-dsym";
				GCC_ENABLE_FIX_AND_CONTINUE = NO;
				PRODUCT_NAME = "Build Package";
				ZERO_LINK = NO;
			};
			name = Release;
		};
/* End XCBuildConfiguration section */

/* Begin XCConfigurationList section */
		2B9260650F368565000F1583 /* Build configuration list for PBXAggregateTarget "Install plugin for user" */ = {
			isa = XCConfigurationList;
			buildConfigurations = (
				2B9260580F36854B000F1583 /* Debug */,
				2B9260590F36854B000F1583 /* Release */,
			);
			defaultConfigurationIsVisible = 0;
			defaultConfigurationName = Release;
		};
		55EB70350E04A8410016593D /* Build configuration list for PBXProject "ClickToFlash" */ = {
			isa = XCConfigurationList;
			buildConfigurations = (
				55EB70330E04A8410016593D /* Debug */,
				55EB70340E04A8410016593D /* Release */,
			);
			defaultConfigurationIsVisible = 0;
			defaultConfigurationName = Release;
		};
		55EB70470E04A8650016593D /* Build configuration list for PBXNativeTarget "ClickToFlash" */ = {
			isa = XCConfigurationList;
			buildConfigurations = (
				55EB70450E04A8640016593D /* Debug */,
				55EB70460E04A8640016593D /* Release */,
			);
			defaultConfigurationIsVisible = 0;
			defaultConfigurationName = Release;
		};
		B5CFF1790F40EEDC005DB9CC /* Build configuration list for PBXNativeTarget "Whitelist Panel Harness" */ = {
			isa = XCConfigurationList;
			buildConfigurations = (
				B5CFF1770F40EEDC005DB9CC /* Debug */,
				B5CFF1780F40EEDC005DB9CC /* Release */,
			);
			defaultConfigurationIsVisible = 0;
			defaultConfigurationName = Release;
		};
		FADCD4270F421EDB00749805 /* Build configuration list for PBXAggregateTarget "Build Package" */ = {
			isa = XCConfigurationList;
			buildConfigurations = (
				FADCD4230F421EAE00749805 /* Debug */,
				FADCD4240F421EAE00749805 /* Release */,
			);
			defaultConfigurationIsVisible = 0;
			defaultConfigurationName = Release;
		};
/* End XCConfigurationList section */
	};
	rootObject = 55EB70320E04A8410016593D /* Project object */;
}
